// !$*UTF8*$!
{
	archiveVersion = 1;
	classes = {
	};
	objectVersion = 56;
	objects = {

/* Begin PBXBuildFile section */
		6D185DAE2B4865CC008EBFEA /* VideoPlaybackTestView.swift in Sources */ = {isa = PBXBuildFile; fileRef = 6D185DAD2B4865CC008EBFEA /* VideoPlaybackTestView.swift */; };
		6D185DB02B4875EA008EBFEA /* PassSessionResultView.swift in Sources */ = {isa = PBXBuildFile; fileRef = 6D185DAF2B4875EA008EBFEA /* PassSessionResultView.swift */; };
		6D185DB22B49A0B1008EBFEA /* CameraPreviewView.swift in Sources */ = {isa = PBXBuildFile; fileRef = 6D185DB12B49A0B1008EBFEA /* CameraPreviewView.swift */; };
		6D185DB82B4AED23008EBFEA /* WaterSkiingCourseBase.swift in Sources */ = {isa = PBXBuildFile; fileRef = 6D185DB72B4AED23008EBFEA /* WaterSkiingCourseBase.swift */; };
		6D185DBC2B4AEEED008EBFEA /* Coordinate.swift in Sources */ = {isa = PBXBuildFile; fileRef = 6D185DBB2B4AEEED008EBFEA /* Coordinate.swift */; };
		6D185DBF2B4AEF5B008EBFEA /* BuoyBase.swift in Sources */ = {isa = PBXBuildFile; fileRef = 6D185DBE2B4AEF5B008EBFEA /* BuoyBase.swift */; };
		6D185DC32B4AF020008EBFEA /* WakeCrossBase.swift in Sources */ = {isa = PBXBuildFile; fileRef = 6D185DC22B4AF020008EBFEA /* WakeCrossBase.swift */; };
		6D185DC52B4AF0EA008EBFEA /* GateBase.swift in Sources */ = {isa = PBXBuildFile; fileRef = 6D185DC42B4AF0EA008EBFEA /* GateBase.swift */; };
		6D185DC92B4AF612008EBFEA /* WaterSkiingPassProcessorProtocol.swift in Sources */ = {isa = PBXBuildFile; fileRef = 6D185DC82B4AF612008EBFEA /* WaterSkiingPassProcessorProtocol.swift */; };
		6D185DCB2B4AFE0E008EBFEA /* LocationManager.swift in Sources */ = {isa = PBXBuildFile; fileRef = 6D185DCA2B4AFE0E008EBFEA /* LocationManager.swift */; };
		6D185DCE2B4AFFAD008EBFEA /* TrackingRecord.swift in Sources */ = {isa = PBXBuildFile; fileRef = 6D185DCD2B4AFFAD008EBFEA /* TrackingRecord.swift */; };
		6D185DD02B4AFFFB008EBFEA /* LocationRecord.swift in Sources */ = {isa = PBXBuildFile; fileRef = 6D185DCF2B4AFFFB008EBFEA /* LocationRecord.swift */; };
		6D185DD22B4B0E9E008EBFEA /* WaterSkiingPassProcessorForVideo.swift in Sources */ = {isa = PBXBuildFile; fileRef = 6D185DD12B4B0E9E008EBFEA /* WaterSkiingPassProcessorForVideo.swift */; };
		6D185DD42B4B10A2008EBFEA /* WaterSkiingCourseFromVideo.swift in Sources */ = {isa = PBXBuildFile; fileRef = 6D185DD32B4B10A2008EBFEA /* WaterSkiingCourseFromVideo.swift */; };
		6D185DD82B4B1D43008EBFEA /* WaterSkiingCourseViewModel.swift in Sources */ = {isa = PBXBuildFile; fileRef = 6D185DD72B4B1D43008EBFEA /* WaterSkiingCourseViewModel.swift */; };
		6D185DDA2B4B2163008EBFEA /* LocationSensorViewModel.swift in Sources */ = {isa = PBXBuildFile; fileRef = 6D185DD92B4B2163008EBFEA /* LocationSensorViewModel.swift */; };
		6D185DDC2B4B2ED2008EBFEA /* MainViewWithoutLocation.swift in Sources */ = {isa = PBXBuildFile; fileRef = 6D185DDB2B4B2ED2008EBFEA /* MainViewWithoutLocation.swift */; };
		6D185DDF2B4B30F0008EBFEA /* WaterSkiingCourseSetupFromVideoView.swift in Sources */ = {isa = PBXBuildFile; fileRef = 6D185DDE2B4B30F0008EBFEA /* WaterSkiingCourseSetupFromVideoView.swift */; };
		6D185DE12B4B3265008EBFEA /* VideoViewModel.swift in Sources */ = {isa = PBXBuildFile; fileRef = 6D185DE02B4B3265008EBFEA /* VideoViewModel.swift */; };
		6D4C4FFA2B28C3AF00B5874F /* Heap.swift in Sources */ = {isa = PBXBuildFile; fileRef = 6D4C4FF92B28C3AF00B5874F /* Heap.swift */; };
		6D5283012B387927007F71EE /* CoreLocation.framework in Frameworks */ = {isa = PBXBuildFile; fileRef = 6D5283002B387927007F71EE /* CoreLocation.framework */; };
		6D5283032B388A1F007F71EE /* AssetWriterError.swift in Sources */ = {isa = PBXBuildFile; fileRef = 6D5283022B388A1F007F71EE /* AssetWriterError.swift */; };
		6D5283052B389852007F71EE /* PassStatisticsView.swift in Sources */ = {isa = PBXBuildFile; fileRef = 6D5283042B389852007F71EE /* PassStatisticsView.swift */; };
		6D5283092B38A5AF007F71EE /* WaterSkiingPassVideoViewModel.swift in Sources */ = {isa = PBXBuildFile; fileRef = 6D5283082B38A5AF007F71EE /* WaterSkiingPassVideoViewModel.swift */; };
		6D52830B2B390D91007F71EE /* GatePopup.swift in Sources */ = {isa = PBXBuildFile; fileRef = 6D52830A2B390D91007F71EE /* GatePopup.swift */; };
		6D52830D2B391AE5007F71EE /* WakeCrossPopup.swift in Sources */ = {isa = PBXBuildFile; fileRef = 6D52830C2B391AE5007F71EE /* WakeCrossPopup.swift */; };
		6D52830F2B391D46007F71EE /* BuoyPopup.swift in Sources */ = {isa = PBXBuildFile; fileRef = 6D52830E2B391D46007F71EE /* BuoyPopup.swift */; };
		6D52831A2B39FFDA007F71EE /* VideoManager.swift in Sources */ = {isa = PBXBuildFile; fileRef = 6D5283192B39FFDA007F71EE /* VideoManager.swift */; };
		6D5283202B3B2B39007F71EE /* WaterSkiingObjectType.swift in Sources */ = {isa = PBXBuildFile; fileRef = 6D52831F2B3B2B39007F71EE /* WaterSkiingObjectType.swift */; };
		6D5283222B3B2B6A007F71EE /* WaterSkiingObjectRecord.swift in Sources */ = {isa = PBXBuildFile; fileRef = 6D5283212B3B2B6A007F71EE /* WaterSkiingObjectRecord.swift */; };
		6D5283242B3B4286007F71EE /* Video.swift in Sources */ = {isa = PBXBuildFile; fileRef = 6D5283232B3B4286007F71EE /* Video.swift */; };
		6D5283282B3B8F9B007F71EE /* WaterSkiingPassViewModel.swift in Sources */ = {isa = PBXBuildFile; fileRef = 6D5283272B3B8F9B007F71EE /* WaterSkiingPassViewModel.swift */; };
		6D52DF6D2B2CAD5B00E96713 /* WaterSkiingCourseSetupView.swift in Sources */ = {isa = PBXBuildFile; fileRef = 6D52DF6C2B2CAD5B00E96713 /* WaterSkiingCourseSetupView.swift */; };
		6D52DF732B30D81200E96713 /* WaterSkiingCoursePointSetupView.swift in Sources */ = {isa = PBXBuildFile; fileRef = 6D52DF722B30D81200E96713 /* WaterSkiingCoursePointSetupView.swift */; };
		6D52DF772B30E79700E96713 /* CoursePointUI.swift in Sources */ = {isa = PBXBuildFile; fileRef = 6D52DF762B30E79700E96713 /* CoursePointUI.swift */; };
		6D52DF792B30E7D200E96713 /* LabelSideUI.swift in Sources */ = {isa = PBXBuildFile; fileRef = 6D52DF782B30E7D200E96713 /* LabelSideUI.swift */; };
		6D52DF822B3352DC00E96713 /* SessionRecordingView.swift in Sources */ = {isa = PBXBuildFile; fileRef = 6D52DF812B3352DC00E96713 /* SessionRecordingView.swift */; };
		6D52DF842B33543500E96713 /* MainView.swift in Sources */ = {isa = PBXBuildFile; fileRef = 6D52DF832B33543500E96713 /* MainView.swift */; };
		6D52DF8C2B337C0000E96713 /* SessionRecordingView.swift in Sources */ = {isa = PBXBuildFile; fileRef = 6D52DF8B2B337C0000E96713 /* SessionRecordingView.swift */; };
		6D52DF8E2B33BBA400E96713 /* DeliveryInformation.swift in Sources */ = {isa = PBXBuildFile; fileRef = 6D52DF8D2B33BBA400E96713 /* DeliveryInformation.swift */; };
		6D52DF922B3512F600E96713 /* CameraManager.swift in Sources */ = {isa = PBXBuildFile; fileRef = 6D52DF912B3512F600E96713 /* CameraManager.swift */; };
		6D52DF952B351D6C00E96713 /* FrameManager.swift in Sources */ = {isa = PBXBuildFile; fileRef = 6D52DF942B351D6C00E96713 /* FrameManager.swift */; };
		6D52DF982B351EDA00E96713 /* CameraViewModel.swift in Sources */ = {isa = PBXBuildFile; fileRef = 6D52DF972B351EDA00E96713 /* CameraViewModel.swift */; };
		6D6DDA612B277A9E00E33CCE /* WaterSkiingPassProcessorForCoordinates.swift in Sources */ = {isa = PBXBuildFile; fileRef = 6D6DDA602B277A9E00E33CCE /* WaterSkiingPassProcessorForCoordinates.swift */; };
		6D7088ED2B27A74E00FA4F54 /* Pass.swift in Sources */ = {isa = PBXBuildFile; fileRef = 6D7088EC2B27A74E00FA4F54 /* Pass.swift */; };
		6D7089012B27C0A800FA4F54 /* Unit3D.swift in Sources */ = {isa = PBXBuildFile; fileRef = 6D7089002B27C0A800FA4F54 /* Unit3D.swift */; };
		6DE846F82B3528A100CF5E03 /* CameraError.swift in Sources */ = {isa = PBXBuildFile; fileRef = 6DE846F72B3528A100CF5E03 /* CameraError.swift */; };
		6DE846FA2B3539B100CF5E03 /* LocationManagerError.swift in Sources */ = {isa = PBXBuildFile; fileRef = 6DE846F92B3539B100CF5E03 /* LocationManagerError.swift */; };
		6DE846FC2B35E59E00CF5E03 /* ActivityIndicatorView.swift in Sources */ = {isa = PBXBuildFile; fileRef = 6DE846FB2B35E59E00CF5E03 /* ActivityIndicatorView.swift */; };
		6DE846FE2B35EAEA00CF5E03 /* AlertInfo.swift in Sources */ = {isa = PBXBuildFile; fileRef = 6DE846FD2B35EAEA00CF5E03 /* AlertInfo.swift */; };
		6DE847002B37507500CF5E03 /* SessionViewModel.swift in Sources */ = {isa = PBXBuildFile; fileRef = 6DE846FF2B37507500CF5E03 /* SessionViewModel.swift */; };
		6DE847022B37646700CF5E03 /* SessionViewModel.swift in Sources */ = {isa = PBXBuildFile; fileRef = 6DE847012B37646700CF5E03 /* SessionViewModel.swift */; };
		6DE847042B37652500CF5E03 /* WatchConnectivityManager.swift in Sources */ = {isa = PBXBuildFile; fileRef = 6DE847032B37652500CF5E03 /* WatchConnectivityManager.swift */; };
		6DE847062B37659F00CF5E03 /* LocationManagerError.swift in Sources */ = {isa = PBXBuildFile; fileRef = 6DE847052B37659F00CF5E03 /* LocationManagerError.swift */; };
		6DE847082B3783C300CF5E03 /* MotionManagerError.swift in Sources */ = {isa = PBXBuildFile; fileRef = 6DE847072B3783C300CF5E03 /* MotionManagerError.swift */; };
		6DEC84A02B1592DB006746F5 /* COP4939_ProjectApp.swift in Sources */ = {isa = PBXBuildFile; fileRef = 6DEC849F2B1592DB006746F5 /* COP4939_ProjectApp.swift */; };
		6DEC84A42B1592DC006746F5 /* Assets.xcassets in Resources */ = {isa = PBXBuildFile; fileRef = 6DEC84A32B1592DC006746F5 /* Assets.xcassets */; };
		6DEC84A72B1592DC006746F5 /* Preview Assets.xcassets in Resources */ = {isa = PBXBuildFile; fileRef = 6DEC84A62B1592DC006746F5 /* Preview Assets.xcassets */; };
		6DEC84B12B1592DC006746F5 /* COP4939_ProjectTests.swift in Sources */ = {isa = PBXBuildFile; fileRef = 6DEC84B02B1592DC006746F5 /* COP4939_ProjectTests.swift */; };
		6DEC84BB2B1592DC006746F5 /* COP4939_ProjectUITests.swift in Sources */ = {isa = PBXBuildFile; fileRef = 6DEC84BA2B1592DC006746F5 /* COP4939_ProjectUITests.swift */; };
		6DEC84BD2B1592DC006746F5 /* COP4939_ProjectUITestsLaunchTests.swift in Sources */ = {isa = PBXBuildFile; fileRef = 6DEC84BC2B1592DC006746F5 /* COP4939_ProjectUITestsLaunchTests.swift */; };
		6DEC84C32B1592DC006746F5 /* COP4939-Project Watch App.app in Embed Watch Content */ = {isa = PBXBuildFile; fileRef = 6DEC84C22B1592DC006746F5 /* COP4939-Project Watch App.app */; settings = {ATTRIBUTES = (RemoveHeadersOnCopy, ); }; };
		6DEC84C82B1592DC006746F5 /* COP4939_ProjectApp.swift in Sources */ = {isa = PBXBuildFile; fileRef = 6DEC84C72B1592DC006746F5 /* COP4939_ProjectApp.swift */; };
		6DEC84CC2B1592DD006746F5 /* Assets.xcassets in Resources */ = {isa = PBXBuildFile; fileRef = 6DEC84CB2B1592DD006746F5 /* Assets.xcassets */; };
		6DEC84CF2B1592DD006746F5 /* Preview Assets.xcassets in Resources */ = {isa = PBXBuildFile; fileRef = 6DEC84CE2B1592DD006746F5 /* Preview Assets.xcassets */; };
		6DEC84D92B1592DD006746F5 /* COP4939_Project_Watch_AppTests.swift in Sources */ = {isa = PBXBuildFile; fileRef = 6DEC84D82B1592DD006746F5 /* COP4939_Project_Watch_AppTests.swift */; };
		6DEC84E32B1592DD006746F5 /* COP4939_Project_Watch_AppUITests.swift in Sources */ = {isa = PBXBuildFile; fileRef = 6DEC84E22B1592DD006746F5 /* COP4939_Project_Watch_AppUITests.swift */; };
		6DEC84E52B1592DD006746F5 /* COP4939_Project_Watch_AppUITestsLaunchTests.swift in Sources */ = {isa = PBXBuildFile; fileRef = 6DEC84E42B1592DD006746F5 /* COP4939_Project_Watch_AppUITestsLaunchTests.swift */; };
		6DEC85292B159353006746F5 /* StatisticsView.swift in Sources */ = {isa = PBXBuildFile; fileRef = 6DEC85032B159353006746F5 /* StatisticsView.swift */; };
		6DEC852A2B159353006746F5 /* ContentView.swift in Sources */ = {isa = PBXBuildFile; fileRef = 6DEC85042B159353006746F5 /* ContentView.swift */; };
		6DEC852C2B159353006746F5 /* WatchConnectivityError.swift in Sources */ = {isa = PBXBuildFile; fileRef = 6DEC85082B159353006746F5 /* WatchConnectivityError.swift */; };
		6DEC85302B159353006746F5 /* DeviceMotionSensorViewModel.swift in Sources */ = {isa = PBXBuildFile; fileRef = 6DEC850F2B159353006746F5 /* DeviceMotionSensorViewModel.swift */; };
		6DEC85322B159353006746F5 /* DataCollectorViewModel.swift in Sources */ = {isa = PBXBuildFile; fileRef = 6DEC85122B159353006746F5 /* DataCollectorViewModel.swift */; };
		6DEC853B2B159353006746F5 /* WatchTrackingRecord.swift in Sources */ = {isa = PBXBuildFile; fileRef = 6DEC851F2B159353006746F5 /* WatchTrackingRecord.swift */; };
		6DEC853D2B159353006746F5 /* MotionRecord.swift in Sources */ = {isa = PBXBuildFile; fileRef = 6DEC85212B159353006746F5 /* MotionRecord.swift */; };
		6DEC853E2B159353006746F5 /* Attitude.swift in Sources */ = {isa = PBXBuildFile; fileRef = 6DEC85222B159353006746F5 /* Attitude.swift */; };
		6DEC853F2B159353006746F5 /* Unit3D.swift in Sources */ = {isa = PBXBuildFile; fileRef = 6DEC85232B159353006746F5 /* Unit3D.swift */; };
		6DEC85402B159353006746F5 /* DataType.swift in Sources */ = {isa = PBXBuildFile; fileRef = 6DEC85242B159353006746F5 /* DataType.swift */; };
		6DEC85412B159353006746F5 /* DataPacket.swift in Sources */ = {isa = PBXBuildFile; fileRef = 6DEC85262B159353006746F5 /* DataPacket.swift */; };
		6DEC85462B159492006746F5 /* CoreMotion.framework in Frameworks */ = {isa = PBXBuildFile; fileRef = 6DEC85452B159492006746F5 /* CoreMotion.framework */; };
		6DEC85482B159499006746F5 /* CoreLocation.framework in Frameworks */ = {isa = PBXBuildFile; fileRef = 6DEC85472B159499006746F5 /* CoreLocation.framework */; };
		6DEC854A2B15949E006746F5 /* WatchConnectivity.framework in Frameworks */ = {isa = PBXBuildFile; fileRef = 6DEC85492B15949E006746F5 /* WatchConnectivity.framework */; };
		6DEC85672B159566006746F5 /* WatchConnectivityError.swift in Sources */ = {isa = PBXBuildFile; fileRef = 6DEC854C2B159566006746F5 /* WatchConnectivityError.swift */; };
		6DEC856B2B159566006746F5 /* WatchConnectivityManager.swift in Sources */ = {isa = PBXBuildFile; fileRef = 6DEC85522B159566006746F5 /* WatchConnectivityManager.swift */; };
		6DEC856D2B159566006746F5 /* WatchTrackingRecord.swift in Sources */ = {isa = PBXBuildFile; fileRef = 6DEC85562B159566006746F5 /* WatchTrackingRecord.swift */; };
		6DEC856F2B159566006746F5 /* MotionRecord.swift in Sources */ = {isa = PBXBuildFile; fileRef = 6DEC85582B159566006746F5 /* MotionRecord.swift */; };
		6DEC85702B159566006746F5 /* Attitude.swift in Sources */ = {isa = PBXBuildFile; fileRef = 6DEC85592B159566006746F5 /* Attitude.swift */; };
		6DEC85722B159566006746F5 /* DataType.swift in Sources */ = {isa = PBXBuildFile; fileRef = 6DEC855C2B159566006746F5 /* DataType.swift */; };
		6DEC85732B159566006746F5 /* DataPacket.swift in Sources */ = {isa = PBXBuildFile; fileRef = 6DEC855D2B159566006746F5 /* DataPacket.swift */; };
		6DEC85752B159566006746F5 /* WatchTrackingSession.swift in Sources */ = {isa = PBXBuildFile; fileRef = 6DEC85602B159566006746F5 /* WatchTrackingSession.swift */; };
		6DEC85772B159566006746F5 /* ContentView.swift in Sources */ = {isa = PBXBuildFile; fileRef = 6DEC85632B159566006746F5 /* ContentView.swift */; };
		6DEC857C2B1616B8006746F5 /* WatchConnectivity.framework in Frameworks */ = {isa = PBXBuildFile; fileRef = 6DEC857B2B1616B8006746F5 /* WatchConnectivity.framework */; };
		6DEC857F2B1661BC006746F5 /* LoggerService.swift in Sources */ = {isa = PBXBuildFile; fileRef = 6DEC857E2B1661BC006746F5 /* LoggerService.swift */; };
		6DEC85852B167114006746F5 /* LoggerService.swift in Sources */ = {isa = PBXBuildFile; fileRef = 6DEC85842B167114006746F5 /* LoggerService.swift */; };
		6DEC85882B16D2F8006746F5 /* WatchTrackingSession.swift in Sources */ = {isa = PBXBuildFile; fileRef = 6DEC85872B16D2F8006746F5 /* WatchTrackingSession.swift */; };
		6DEC85982B1E2952006746F5 /* JSONConverter.swift in Sources */ = {isa = PBXBuildFile; fileRef = 6DEC85972B1E2952006746F5 /* JSONConverter.swift */; };
		6DEC85A12B1E3071006746F5 /* JSONConverter.swift in Sources */ = {isa = PBXBuildFile; fileRef = 6DEC85A02B1E3071006746F5 /* JSONConverter.swift */; };
/* End PBXBuildFile section */

/* Begin PBXContainerItemProxy section */
		6DEC84AD2B1592DC006746F5 /* PBXContainerItemProxy */ = {
			isa = PBXContainerItemProxy;
			containerPortal = 6DEC84942B1592DB006746F5 /* Project object */;
			proxyType = 1;
			remoteGlobalIDString = 6DEC849B2B1592DB006746F5;
			remoteInfo = "COP4939-Project";
		};
		6DEC84B72B1592DC006746F5 /* PBXContainerItemProxy */ = {
			isa = PBXContainerItemProxy;
			containerPortal = 6DEC84942B1592DB006746F5 /* Project object */;
			proxyType = 1;
			remoteGlobalIDString = 6DEC849B2B1592DB006746F5;
			remoteInfo = "COP4939-Project";
		};
		6DEC84C42B1592DC006746F5 /* PBXContainerItemProxy */ = {
			isa = PBXContainerItemProxy;
			containerPortal = 6DEC84942B1592DB006746F5 /* Project object */;
			proxyType = 1;
			remoteGlobalIDString = 6DEC84C12B1592DC006746F5;
			remoteInfo = "COP4939-Project Watch App";
		};
		6DEC84D52B1592DD006746F5 /* PBXContainerItemProxy */ = {
			isa = PBXContainerItemProxy;
			containerPortal = 6DEC84942B1592DB006746F5 /* Project object */;
			proxyType = 1;
			remoteGlobalIDString = 6DEC84C12B1592DC006746F5;
			remoteInfo = "COP4939-Project Watch App";
		};
		6DEC84DF2B1592DD006746F5 /* PBXContainerItemProxy */ = {
			isa = PBXContainerItemProxy;
			containerPortal = 6DEC84942B1592DB006746F5 /* Project object */;
			proxyType = 1;
			remoteGlobalIDString = 6DEC84C12B1592DC006746F5;
			remoteInfo = "COP4939-Project Watch App";
		};
/* End PBXContainerItemProxy section */

/* Begin PBXCopyFilesBuildPhase section */
		6DEC84EB2B1592DD006746F5 /* Embed Watch Content */ = {
			isa = PBXCopyFilesBuildPhase;
			buildActionMask = 2147483647;
			dstPath = "$(CONTENTS_FOLDER_PATH)/Watch";
			dstSubfolderSpec = 16;
			files = (
				6DEC84C32B1592DC006746F5 /* COP4939-Project Watch App.app in Embed Watch Content */,
			);
			name = "Embed Watch Content";
			runOnlyForDeploymentPostprocessing = 0;
		};
/* End PBXCopyFilesBuildPhase section */

/* Begin PBXFileReference section */
		6D185DAD2B4865CC008EBFEA /* VideoPlaybackTestView.swift */ = {isa = PBXFileReference; lastKnownFileType = sourcecode.swift; path = VideoPlaybackTestView.swift; sourceTree = "<group>"; };
		6D185DAF2B4875EA008EBFEA /* PassSessionResultView.swift */ = {isa = PBXFileReference; lastKnownFileType = sourcecode.swift; path = PassSessionResultView.swift; sourceTree = "<group>"; };
		6D185DB12B49A0B1008EBFEA /* CameraPreviewView.swift */ = {isa = PBXFileReference; lastKnownFileType = sourcecode.swift; path = CameraPreviewView.swift; sourceTree = "<group>"; };
		6D185DB72B4AED23008EBFEA /* WaterSkiingCourseBase.swift */ = {isa = PBXFileReference; lastKnownFileType = sourcecode.swift; path = WaterSkiingCourseBase.swift; sourceTree = "<group>"; };
		6D185DBB2B4AEEED008EBFEA /* Coordinate.swift */ = {isa = PBXFileReference; lastKnownFileType = sourcecode.swift; path = Coordinate.swift; sourceTree = "<group>"; };
		6D185DBE2B4AEF5B008EBFEA /* BuoyBase.swift */ = {isa = PBXFileReference; lastKnownFileType = sourcecode.swift; path = BuoyBase.swift; sourceTree = "<group>"; };
		6D185DC22B4AF020008EBFEA /* WakeCrossBase.swift */ = {isa = PBXFileReference; lastKnownFileType = sourcecode.swift; path = WakeCrossBase.swift; sourceTree = "<group>"; };
		6D185DC42B4AF0EA008EBFEA /* GateBase.swift */ = {isa = PBXFileReference; lastKnownFileType = sourcecode.swift; path = GateBase.swift; sourceTree = "<group>"; };
		6D185DC82B4AF612008EBFEA /* WaterSkiingPassProcessorProtocol.swift */ = {isa = PBXFileReference; lastKnownFileType = sourcecode.swift; path = WaterSkiingPassProcessorProtocol.swift; sourceTree = "<group>"; };
		6D185DCA2B4AFE0E008EBFEA /* LocationManager.swift */ = {isa = PBXFileReference; lastKnownFileType = sourcecode.swift; path = LocationManager.swift; sourceTree = "<group>"; };
		6D185DCD2B4AFFAD008EBFEA /* TrackingRecord.swift */ = {isa = PBXFileReference; lastKnownFileType = sourcecode.swift; path = TrackingRecord.swift; sourceTree = "<group>"; };
		6D185DCF2B4AFFFB008EBFEA /* LocationRecord.swift */ = {isa = PBXFileReference; lastKnownFileType = sourcecode.swift; path = LocationRecord.swift; sourceTree = "<group>"; };
		6D185DD12B4B0E9E008EBFEA /* WaterSkiingPassProcessorForVideo.swift */ = {isa = PBXFileReference; lastKnownFileType = sourcecode.swift; path = WaterSkiingPassProcessorForVideo.swift; sourceTree = "<group>"; };
		6D185DD32B4B10A2008EBFEA /* WaterSkiingCourseFromVideo.swift */ = {isa = PBXFileReference; lastKnownFileType = sourcecode.swift; path = WaterSkiingCourseFromVideo.swift; sourceTree = "<group>"; };
		6D185DD72B4B1D43008EBFEA /* WaterSkiingCourseViewModel.swift */ = {isa = PBXFileReference; lastKnownFileType = sourcecode.swift; path = WaterSkiingCourseViewModel.swift; sourceTree = "<group>"; };
		6D185DD92B4B2163008EBFEA /* LocationSensorViewModel.swift */ = {isa = PBXFileReference; lastKnownFileType = sourcecode.swift; path = LocationSensorViewModel.swift; sourceTree = "<group>"; };
		6D185DDB2B4B2ED2008EBFEA /* MainViewWithoutLocation.swift */ = {isa = PBXFileReference; lastKnownFileType = sourcecode.swift; path = MainViewWithoutLocation.swift; sourceTree = "<group>"; };
		6D185DDE2B4B30F0008EBFEA /* WaterSkiingCourseSetupFromVideoView.swift */ = {isa = PBXFileReference; lastKnownFileType = sourcecode.swift; path = WaterSkiingCourseSetupFromVideoView.swift; sourceTree = "<group>"; };
		6D185DE02B4B3265008EBFEA /* VideoViewModel.swift */ = {isa = PBXFileReference; lastKnownFileType = sourcecode.swift; path = VideoViewModel.swift; sourceTree = "<group>"; };
		6D4C4FF92B28C3AF00B5874F /* Heap.swift */ = {isa = PBXFileReference; lastKnownFileType = sourcecode.swift; path = Heap.swift; sourceTree = "<group>"; };
		6D5283002B387927007F71EE /* CoreLocation.framework */ = {isa = PBXFileReference; lastKnownFileType = wrapper.framework; name = CoreLocation.framework; path = Platforms/iPhoneOS.platform/Developer/SDKs/iPhoneOS17.0.sdk/System/Library/Frameworks/CoreLocation.framework; sourceTree = DEVELOPER_DIR; };
		6D5283022B388A1F007F71EE /* AssetWriterError.swift */ = {isa = PBXFileReference; lastKnownFileType = sourcecode.swift; path = AssetWriterError.swift; sourceTree = "<group>"; };
		6D5283042B389852007F71EE /* PassStatisticsView.swift */ = {isa = PBXFileReference; lastKnownFileType = sourcecode.swift; path = PassStatisticsView.swift; sourceTree = "<group>"; };
		6D5283082B38A5AF007F71EE /* WaterSkiingPassVideoViewModel.swift */ = {isa = PBXFileReference; lastKnownFileType = sourcecode.swift; path = WaterSkiingPassVideoViewModel.swift; sourceTree = "<group>"; };
		6D52830A2B390D91007F71EE /* GatePopup.swift */ = {isa = PBXFileReference; lastKnownFileType = sourcecode.swift; path = GatePopup.swift; sourceTree = "<group>"; };
		6D52830C2B391AE5007F71EE /* WakeCrossPopup.swift */ = {isa = PBXFileReference; lastKnownFileType = sourcecode.swift; path = WakeCrossPopup.swift; sourceTree = "<group>"; };
		6D52830E2B391D46007F71EE /* BuoyPopup.swift */ = {isa = PBXFileReference; lastKnownFileType = sourcecode.swift; path = BuoyPopup.swift; sourceTree = "<group>"; };
		6D5283192B39FFDA007F71EE /* VideoManager.swift */ = {isa = PBXFileReference; lastKnownFileType = sourcecode.swift; path = VideoManager.swift; sourceTree = "<group>"; };
		6D52831F2B3B2B39007F71EE /* WaterSkiingObjectType.swift */ = {isa = PBXFileReference; lastKnownFileType = sourcecode.swift; path = WaterSkiingObjectType.swift; sourceTree = "<group>"; };
		6D5283212B3B2B6A007F71EE /* WaterSkiingObjectRecord.swift */ = {isa = PBXFileReference; lastKnownFileType = sourcecode.swift; path = WaterSkiingObjectRecord.swift; sourceTree = "<group>"; };
		6D5283232B3B4286007F71EE /* Video.swift */ = {isa = PBXFileReference; lastKnownFileType = sourcecode.swift; path = Video.swift; sourceTree = "<group>"; };
		6D5283272B3B8F9B007F71EE /* WaterSkiingPassViewModel.swift */ = {isa = PBXFileReference; lastKnownFileType = sourcecode.swift; path = WaterSkiingPassViewModel.swift; sourceTree = "<group>"; };
		6D52DF6C2B2CAD5B00E96713 /* WaterSkiingCourseSetupView.swift */ = {isa = PBXFileReference; lastKnownFileType = sourcecode.swift; path = WaterSkiingCourseSetupView.swift; sourceTree = "<group>"; };
		6D52DF722B30D81200E96713 /* WaterSkiingCoursePointSetupView.swift */ = {isa = PBXFileReference; lastKnownFileType = sourcecode.swift; path = WaterSkiingCoursePointSetupView.swift; sourceTree = "<group>"; };
		6D52DF762B30E79700E96713 /* CoursePointUI.swift */ = {isa = PBXFileReference; lastKnownFileType = sourcecode.swift; path = CoursePointUI.swift; sourceTree = "<group>"; };
		6D52DF782B30E7D200E96713 /* LabelSideUI.swift */ = {isa = PBXFileReference; lastKnownFileType = sourcecode.swift; path = LabelSideUI.swift; sourceTree = "<group>"; };
		6D52DF812B3352DC00E96713 /* SessionRecordingView.swift */ = {isa = PBXFileReference; lastKnownFileType = sourcecode.swift; path = SessionRecordingView.swift; sourceTree = "<group>"; };
		6D52DF832B33543500E96713 /* MainView.swift */ = {isa = PBXFileReference; lastKnownFileType = sourcecode.swift; path = MainView.swift; sourceTree = "<group>"; };
		6D52DF8B2B337C0000E96713 /* SessionRecordingView.swift */ = {isa = PBXFileReference; lastKnownFileType = sourcecode.swift; path = SessionRecordingView.swift; sourceTree = "<group>"; };
		6D52DF8D2B33BBA400E96713 /* DeliveryInformation.swift */ = {isa = PBXFileReference; lastKnownFileType = sourcecode.swift; path = DeliveryInformation.swift; sourceTree = "<group>"; };
		6D52DF912B3512F600E96713 /* CameraManager.swift */ = {isa = PBXFileReference; lastKnownFileType = sourcecode.swift; path = CameraManager.swift; sourceTree = "<group>"; };
		6D52DF942B351D6C00E96713 /* FrameManager.swift */ = {isa = PBXFileReference; lastKnownFileType = sourcecode.swift; path = FrameManager.swift; sourceTree = "<group>"; };
		6D52DF972B351EDA00E96713 /* CameraViewModel.swift */ = {isa = PBXFileReference; lastKnownFileType = sourcecode.swift; path = CameraViewModel.swift; sourceTree = "<group>"; };
		6D6DDA602B277A9E00E33CCE /* WaterSkiingPassProcessorForCoordinates.swift */ = {isa = PBXFileReference; lastKnownFileType = sourcecode.swift; path = WaterSkiingPassProcessorForCoordinates.swift; sourceTree = "<group>"; };
		6D7088EC2B27A74E00FA4F54 /* Pass.swift */ = {isa = PBXFileReference; lastKnownFileType = sourcecode.swift; path = Pass.swift; sourceTree = "<group>"; };
		6D7089002B27C0A800FA4F54 /* Unit3D.swift */ = {isa = PBXFileReference; lastKnownFileType = sourcecode.swift; path = Unit3D.swift; sourceTree = "<group>"; };
		6DE846F72B3528A100CF5E03 /* CameraError.swift */ = {isa = PBXFileReference; lastKnownFileType = sourcecode.swift; path = CameraError.swift; sourceTree = "<group>"; };
		6DE846F92B3539B100CF5E03 /* LocationManagerError.swift */ = {isa = PBXFileReference; lastKnownFileType = sourcecode.swift; path = LocationManagerError.swift; sourceTree = "<group>"; };
		6DE846FB2B35E59E00CF5E03 /* ActivityIndicatorView.swift */ = {isa = PBXFileReference; lastKnownFileType = sourcecode.swift; path = ActivityIndicatorView.swift; sourceTree = "<group>"; };
		6DE846FD2B35EAEA00CF5E03 /* AlertInfo.swift */ = {isa = PBXFileReference; lastKnownFileType = sourcecode.swift; path = AlertInfo.swift; sourceTree = "<group>"; };
		6DE846FF2B37507500CF5E03 /* SessionViewModel.swift */ = {isa = PBXFileReference; lastKnownFileType = sourcecode.swift; path = SessionViewModel.swift; sourceTree = "<group>"; };
		6DE847012B37646700CF5E03 /* SessionViewModel.swift */ = {isa = PBXFileReference; lastKnownFileType = sourcecode.swift; path = SessionViewModel.swift; sourceTree = "<group>"; };
		6DE847032B37652500CF5E03 /* WatchConnectivityManager.swift */ = {isa = PBXFileReference; lastKnownFileType = sourcecode.swift; path = WatchConnectivityManager.swift; sourceTree = "<group>"; };
		6DE847052B37659F00CF5E03 /* LocationManagerError.swift */ = {isa = PBXFileReference; lastKnownFileType = sourcecode.swift; path = LocationManagerError.swift; sourceTree = "<group>"; };
		6DE847072B3783C300CF5E03 /* MotionManagerError.swift */ = {isa = PBXFileReference; lastKnownFileType = sourcecode.swift; path = MotionManagerError.swift; sourceTree = "<group>"; };
		6DEC849C2B1592DB006746F5 /* COP4939-Project.app */ = {isa = PBXFileReference; explicitFileType = wrapper.application; includeInIndex = 0; path = "COP4939-Project.app"; sourceTree = BUILT_PRODUCTS_DIR; };
		6DEC849F2B1592DB006746F5 /* COP4939_ProjectApp.swift */ = {isa = PBXFileReference; lastKnownFileType = sourcecode.swift; path = COP4939_ProjectApp.swift; sourceTree = "<group>"; };
		6DEC84A32B1592DC006746F5 /* Assets.xcassets */ = {isa = PBXFileReference; lastKnownFileType = folder.assetcatalog; path = Assets.xcassets; sourceTree = "<group>"; };
		6DEC84A62B1592DC006746F5 /* Preview Assets.xcassets */ = {isa = PBXFileReference; lastKnownFileType = folder.assetcatalog; path = "Preview Assets.xcassets"; sourceTree = "<group>"; };
		6DEC84AC2B1592DC006746F5 /* COP4939-ProjectTests.xctest */ = {isa = PBXFileReference; explicitFileType = wrapper.cfbundle; includeInIndex = 0; path = "COP4939-ProjectTests.xctest"; sourceTree = BUILT_PRODUCTS_DIR; };
		6DEC84B02B1592DC006746F5 /* COP4939_ProjectTests.swift */ = {isa = PBXFileReference; lastKnownFileType = sourcecode.swift; path = COP4939_ProjectTests.swift; sourceTree = "<group>"; };
		6DEC84B62B1592DC006746F5 /* COP4939-ProjectUITests.xctest */ = {isa = PBXFileReference; explicitFileType = wrapper.cfbundle; includeInIndex = 0; path = "COP4939-ProjectUITests.xctest"; sourceTree = BUILT_PRODUCTS_DIR; };
		6DEC84BA2B1592DC006746F5 /* COP4939_ProjectUITests.swift */ = {isa = PBXFileReference; lastKnownFileType = sourcecode.swift; path = COP4939_ProjectUITests.swift; sourceTree = "<group>"; };
		6DEC84BC2B1592DC006746F5 /* COP4939_ProjectUITestsLaunchTests.swift */ = {isa = PBXFileReference; lastKnownFileType = sourcecode.swift; path = COP4939_ProjectUITestsLaunchTests.swift; sourceTree = "<group>"; };
		6DEC84C22B1592DC006746F5 /* COP4939-Project Watch App.app */ = {isa = PBXFileReference; explicitFileType = wrapper.application; includeInIndex = 0; path = "COP4939-Project Watch App.app"; sourceTree = BUILT_PRODUCTS_DIR; };
		6DEC84C72B1592DC006746F5 /* COP4939_ProjectApp.swift */ = {isa = PBXFileReference; lastKnownFileType = sourcecode.swift; path = COP4939_ProjectApp.swift; sourceTree = "<group>"; };
		6DEC84CB2B1592DD006746F5 /* Assets.xcassets */ = {isa = PBXFileReference; lastKnownFileType = folder.assetcatalog; path = Assets.xcassets; sourceTree = "<group>"; };
		6DEC84CE2B1592DD006746F5 /* Preview Assets.xcassets */ = {isa = PBXFileReference; lastKnownFileType = folder.assetcatalog; path = "Preview Assets.xcassets"; sourceTree = "<group>"; };
		6DEC84D42B1592DD006746F5 /* COP4939-Project Watch AppTests.xctest */ = {isa = PBXFileReference; explicitFileType = wrapper.cfbundle; includeInIndex = 0; path = "COP4939-Project Watch AppTests.xctest"; sourceTree = BUILT_PRODUCTS_DIR; };
		6DEC84D82B1592DD006746F5 /* COP4939_Project_Watch_AppTests.swift */ = {isa = PBXFileReference; lastKnownFileType = sourcecode.swift; path = COP4939_Project_Watch_AppTests.swift; sourceTree = "<group>"; };
		6DEC84DE2B1592DD006746F5 /* COP4939-Project Watch AppUITests.xctest */ = {isa = PBXFileReference; explicitFileType = wrapper.cfbundle; includeInIndex = 0; path = "COP4939-Project Watch AppUITests.xctest"; sourceTree = BUILT_PRODUCTS_DIR; };
		6DEC84E22B1592DD006746F5 /* COP4939_Project_Watch_AppUITests.swift */ = {isa = PBXFileReference; lastKnownFileType = sourcecode.swift; path = COP4939_Project_Watch_AppUITests.swift; sourceTree = "<group>"; };
		6DEC84E42B1592DD006746F5 /* COP4939_Project_Watch_AppUITestsLaunchTests.swift */ = {isa = PBXFileReference; lastKnownFileType = sourcecode.swift; path = COP4939_Project_Watch_AppUITestsLaunchTests.swift; sourceTree = "<group>"; };
		6DEC85032B159353006746F5 /* StatisticsView.swift */ = {isa = PBXFileReference; fileEncoding = 4; lastKnownFileType = sourcecode.swift; path = StatisticsView.swift; sourceTree = "<group>"; };
		6DEC85042B159353006746F5 /* ContentView.swift */ = {isa = PBXFileReference; fileEncoding = 4; lastKnownFileType = sourcecode.swift; path = ContentView.swift; sourceTree = "<group>"; };
		6DEC85082B159353006746F5 /* WatchConnectivityError.swift */ = {isa = PBXFileReference; fileEncoding = 4; lastKnownFileType = sourcecode.swift; path = WatchConnectivityError.swift; sourceTree = "<group>"; };
		6DEC850F2B159353006746F5 /* DeviceMotionSensorViewModel.swift */ = {isa = PBXFileReference; fileEncoding = 4; lastKnownFileType = sourcecode.swift; path = DeviceMotionSensorViewModel.swift; sourceTree = "<group>"; };
		6DEC85122B159353006746F5 /* DataCollectorViewModel.swift */ = {isa = PBXFileReference; fileEncoding = 4; lastKnownFileType = sourcecode.swift; path = DataCollectorViewModel.swift; sourceTree = "<group>"; };
		6DEC851F2B159353006746F5 /* WatchTrackingRecord.swift */ = {isa = PBXFileReference; fileEncoding = 4; lastKnownFileType = sourcecode.swift; path = WatchTrackingRecord.swift; sourceTree = "<group>"; };
		6DEC85212B159353006746F5 /* MotionRecord.swift */ = {isa = PBXFileReference; fileEncoding = 4; lastKnownFileType = sourcecode.swift; path = MotionRecord.swift; sourceTree = "<group>"; };
		6DEC85222B159353006746F5 /* Attitude.swift */ = {isa = PBXFileReference; fileEncoding = 4; lastKnownFileType = sourcecode.swift; path = Attitude.swift; sourceTree = "<group>"; };
		6DEC85232B159353006746F5 /* Unit3D.swift */ = {isa = PBXFileReference; fileEncoding = 4; lastKnownFileType = sourcecode.swift; path = Unit3D.swift; sourceTree = "<group>"; };
		6DEC85242B159353006746F5 /* DataType.swift */ = {isa = PBXFileReference; fileEncoding = 4; lastKnownFileType = sourcecode.swift; path = DataType.swift; sourceTree = "<group>"; };
		6DEC85262B159353006746F5 /* DataPacket.swift */ = {isa = PBXFileReference; fileEncoding = 4; lastKnownFileType = sourcecode.swift; path = DataPacket.swift; sourceTree = "<group>"; };
		6DEC85452B159492006746F5 /* CoreMotion.framework */ = {isa = PBXFileReference; lastKnownFileType = wrapper.framework; name = CoreMotion.framework; path = Platforms/WatchOS.platform/Developer/SDKs/WatchOS10.0.sdk/System/Library/Frameworks/CoreMotion.framework; sourceTree = DEVELOPER_DIR; };
		6DEC85472B159499006746F5 /* CoreLocation.framework */ = {isa = PBXFileReference; lastKnownFileType = wrapper.framework; name = CoreLocation.framework; path = Platforms/WatchOS.platform/Developer/SDKs/WatchOS10.0.sdk/System/Library/Frameworks/CoreLocation.framework; sourceTree = DEVELOPER_DIR; };
		6DEC85492B15949E006746F5 /* WatchConnectivity.framework */ = {isa = PBXFileReference; lastKnownFileType = wrapper.framework; name = WatchConnectivity.framework; path = Platforms/WatchOS.platform/Developer/SDKs/WatchOS10.0.sdk/System/Library/Frameworks/WatchConnectivity.framework; sourceTree = DEVELOPER_DIR; };
		6DEC854C2B159566006746F5 /* WatchConnectivityError.swift */ = {isa = PBXFileReference; fileEncoding = 4; lastKnownFileType = sourcecode.swift; path = WatchConnectivityError.swift; sourceTree = "<group>"; };
		6DEC85522B159566006746F5 /* WatchConnectivityManager.swift */ = {isa = PBXFileReference; fileEncoding = 4; lastKnownFileType = sourcecode.swift; path = WatchConnectivityManager.swift; sourceTree = "<group>"; };
		6DEC85562B159566006746F5 /* WatchTrackingRecord.swift */ = {isa = PBXFileReference; fileEncoding = 4; lastKnownFileType = sourcecode.swift; path = WatchTrackingRecord.swift; sourceTree = "<group>"; };
		6DEC85582B159566006746F5 /* MotionRecord.swift */ = {isa = PBXFileReference; fileEncoding = 4; lastKnownFileType = sourcecode.swift; path = MotionRecord.swift; sourceTree = "<group>"; };
		6DEC85592B159566006746F5 /* Attitude.swift */ = {isa = PBXFileReference; fileEncoding = 4; lastKnownFileType = sourcecode.swift; path = Attitude.swift; sourceTree = "<group>"; };
		6DEC855C2B159566006746F5 /* DataType.swift */ = {isa = PBXFileReference; fileEncoding = 4; lastKnownFileType = sourcecode.swift; path = DataType.swift; sourceTree = "<group>"; };
		6DEC855D2B159566006746F5 /* DataPacket.swift */ = {isa = PBXFileReference; fileEncoding = 4; lastKnownFileType = sourcecode.swift; path = DataPacket.swift; sourceTree = "<group>"; };
		6DEC85602B159566006746F5 /* WatchTrackingSession.swift */ = {isa = PBXFileReference; fileEncoding = 4; lastKnownFileType = sourcecode.swift; path = WatchTrackingSession.swift; sourceTree = "<group>"; };
		6DEC85632B159566006746F5 /* ContentView.swift */ = {isa = PBXFileReference; fileEncoding = 4; lastKnownFileType = sourcecode.swift; path = ContentView.swift; sourceTree = "<group>"; };
		6DEC857B2B1616B8006746F5 /* WatchConnectivity.framework */ = {isa = PBXFileReference; lastKnownFileType = wrapper.framework; name = WatchConnectivity.framework; path = Platforms/iPhoneOS.platform/Developer/SDKs/iPhoneOS17.0.sdk/System/Library/Frameworks/WatchConnectivity.framework; sourceTree = DEVELOPER_DIR; };
		6DEC857E2B1661BC006746F5 /* LoggerService.swift */ = {isa = PBXFileReference; lastKnownFileType = sourcecode.swift; path = LoggerService.swift; sourceTree = "<group>"; };
		6DEC85842B167114006746F5 /* LoggerService.swift */ = {isa = PBXFileReference; lastKnownFileType = sourcecode.swift; path = LoggerService.swift; sourceTree = "<group>"; };
		6DEC85872B16D2F8006746F5 /* WatchTrackingSession.swift */ = {isa = PBXFileReference; lastKnownFileType = sourcecode.swift; path = WatchTrackingSession.swift; sourceTree = "<group>"; };
		6DEC85972B1E2952006746F5 /* JSONConverter.swift */ = {isa = PBXFileReference; lastKnownFileType = sourcecode.swift; path = JSONConverter.swift; sourceTree = "<group>"; };
		6DEC85A02B1E3071006746F5 /* JSONConverter.swift */ = {isa = PBXFileReference; lastKnownFileType = sourcecode.swift; path = JSONConverter.swift; sourceTree = "<group>"; };
/* End PBXFileReference section */

/* Begin PBXFrameworksBuildPhase section */
		6DEC84992B1592DB006746F5 /* Frameworks */ = {
			isa = PBXFrameworksBuildPhase;
			buildActionMask = 2147483647;
			files = (
				6D5283012B387927007F71EE /* CoreLocation.framework in Frameworks */,
				6DEC857C2B1616B8006746F5 /* WatchConnectivity.framework in Frameworks */,
			);
			runOnlyForDeploymentPostprocessing = 0;
		};
		6DEC84A92B1592DC006746F5 /* Frameworks */ = {
			isa = PBXFrameworksBuildPhase;
			buildActionMask = 2147483647;
			files = (
			);
			runOnlyForDeploymentPostprocessing = 0;
		};
		6DEC84B32B1592DC006746F5 /* Frameworks */ = {
			isa = PBXFrameworksBuildPhase;
			buildActionMask = 2147483647;
			files = (
			);
			runOnlyForDeploymentPostprocessing = 0;
		};
		6DEC84BF2B1592DC006746F5 /* Frameworks */ = {
			isa = PBXFrameworksBuildPhase;
			buildActionMask = 2147483647;
			files = (
				6DEC85482B159499006746F5 /* CoreLocation.framework in Frameworks */,
				6DEC85462B159492006746F5 /* CoreMotion.framework in Frameworks */,
				6DEC854A2B15949E006746F5 /* WatchConnectivity.framework in Frameworks */,
			);
			runOnlyForDeploymentPostprocessing = 0;
		};
		6DEC84D12B1592DD006746F5 /* Frameworks */ = {
			isa = PBXFrameworksBuildPhase;
			buildActionMask = 2147483647;
			files = (
			);
			runOnlyForDeploymentPostprocessing = 0;
		};
		6DEC84DB2B1592DD006746F5 /* Frameworks */ = {
			isa = PBXFrameworksBuildPhase;
			buildActionMask = 2147483647;
			files = (
			);
			runOnlyForDeploymentPostprocessing = 0;
		};
/* End PBXFrameworksBuildPhase section */

/* Begin PBXGroup section */
		6D185DBD2B4AEF4C008EBFEA /* Base */ = {
			isa = PBXGroup;
			children = (
				6D185DB72B4AED23008EBFEA /* WaterSkiingCourseBase.swift */,
				6D185DBE2B4AEF5B008EBFEA /* BuoyBase.swift */,
				6D185DC22B4AF020008EBFEA /* WakeCrossBase.swift */,
				6D185DC42B4AF0EA008EBFEA /* GateBase.swift */,
			);
			path = Base;
			sourceTree = "<group>";
		};
		6D4C4FFB2B28C42200B5874F /* DataStructures */ = {
			isa = PBXGroup;
			children = (
				6D4C4FF92B28C3AF00B5874F /* Heap.swift */,
			);
			path = DataStructures;
			sourceTree = "<group>";
		};
		6D5283102B392235007F71EE /* ResultViewPopup */ = {
			isa = PBXGroup;
			children = (
				6D52830C2B391AE5007F71EE /* WakeCrossPopup.swift */,
				6D52830E2B391D46007F71EE /* BuoyPopup.swift */,
				6D52830A2B390D91007F71EE /* GatePopup.swift */,
			);
			path = ResultViewPopup;
			sourceTree = "<group>";
		};
		6D5283112B3923A7007F71EE /* ResultView */ = {
			isa = PBXGroup;
			children = (
				6D5283102B392235007F71EE /* ResultViewPopup */,
				6D5283042B389852007F71EE /* PassStatisticsView.swift */,
				6D185DAF2B4875EA008EBFEA /* PassSessionResultView.swift */,
			);
			path = ResultView;
			sourceTree = "<group>";
		};
		6D5283122B3923B6007F71EE /* RecordingView */ = {
			isa = PBXGroup;
			children = (
				6D185DB12B49A0B1008EBFEA /* CameraPreviewView.swift */,
				6D52DF812B3352DC00E96713 /* SessionRecordingView.swift */,
			);
			path = RecordingView;
			sourceTree = "<group>";
		};
		6D5283132B3923C6007F71EE /* CourseSetupView */ = {
			isa = PBXGroup;
			children = (
				6D52DF6C2B2CAD5B00E96713 /* WaterSkiingCourseSetupView.swift */,
				6D52DF722B30D81200E96713 /* WaterSkiingCoursePointSetupView.swift */,
				6D185DDE2B4B30F0008EBFEA /* WaterSkiingCourseSetupFromVideoView.swift */,
			);
			path = CourseSetupView;
			sourceTree = "<group>";
		};
		6D5283142B3923D6007F71EE /* MainView */ = {
			isa = PBXGroup;
			children = (
				6D52DF832B33543500E96713 /* MainView.swift */,
				6D185DDB2B4B2ED2008EBFEA /* MainViewWithoutLocation.swift */,
			);
			path = MainView;
			sourceTree = "<group>";
		};
		6D52DF752B30E78400E96713 /* UI */ = {
			isa = PBXGroup;
			children = (
				6D52DF762B30E79700E96713 /* CoursePointUI.swift */,
				6D52DF782B30E7D200E96713 /* LabelSideUI.swift */,
				6DE846FD2B35EAEA00CF5E03 /* AlertInfo.swift */,
				6D52831F2B3B2B39007F71EE /* WaterSkiingObjectType.swift */,
				6D5283212B3B2B6A007F71EE /* WaterSkiingObjectRecord.swift */,
			);
			path = UI;
			sourceTree = "<group>";
		};
		6D52DF962B351DD600E96713 /* Camera */ = {
			isa = PBXGroup;
			children = (
				6D5283192B39FFDA007F71EE /* VideoManager.swift */,
				6D52DF912B3512F600E96713 /* CameraManager.swift */,
				6D52DF942B351D6C00E96713 /* FrameManager.swift */,
				6D5283232B3B4286007F71EE /* Video.swift */,
			);
			path = Camera;
			sourceTree = "<group>";
		};
		6D6DDA682B279C9100E33CCE /* WaterSkiing */ = {
			isa = PBXGroup;
			children = (
				6D185DD32B4B10A2008EBFEA /* WaterSkiingCourseFromVideo.swift */,
				6D185DBD2B4AEF4C008EBFEA /* Base */,
				6D7088EC2B27A74E00FA4F54 /* Pass.swift */,
			);
			path = WaterSkiing;
			sourceTree = "<group>";
		};
		6D7088E62B279E4E00FA4F54 /* WatchData */ = {
			isa = PBXGroup;
			children = (
				6D7088E82B279EB100FA4F54 /* Motion */,
				6DEC85562B159566006746F5 /* WatchTrackingRecord.swift */,
			);
			path = WatchData;
			sourceTree = "<group>";
		};
		6D7088E82B279EB100FA4F54 /* Motion */ = {
			isa = PBXGroup;
			children = (
				6DEC85592B159566006746F5 /* Attitude.swift */,
				6DEC85582B159566006746F5 /* MotionRecord.swift */,
			);
			path = Motion;
			sourceTree = "<group>";
		};
		6D7088E92B27A17200FA4F54 /* WatchData */ = {
			isa = PBXGroup;
			children = (
				6D7088EA2B27A17D00FA4F54 /* Motion */,
				6DEC851F2B159353006746F5 /* WatchTrackingRecord.swift */,
			);
			path = WatchData;
			sourceTree = "<group>";
		};
		6D7088EA2B27A17D00FA4F54 /* Motion */ = {
			isa = PBXGroup;
			children = (
				6DEC85212B159353006746F5 /* MotionRecord.swift */,
				6DEC85222B159353006746F5 /* Attitude.swift */,
			);
			path = Motion;
			sourceTree = "<group>";
		};
		6D7088FB2B27AF2800FA4F54 /* Units */ = {
			isa = PBXGroup;
			children = (
				6D7089002B27C0A800FA4F54 /* Unit3D.swift */,
			);
			path = Units;
			sourceTree = "<group>";
		};
		6D7089022B27C55100FA4F54 /* Units */ = {
			isa = PBXGroup;
			children = (
				6DEC85232B159353006746F5 /* Unit3D.swift */,
			);
			path = Units;
			sourceTree = "<group>";
		};
		6DEC84932B1592DB006746F5 = {
			isa = PBXGroup;
			children = (
				6DEC849E2B1592DB006746F5 /* COP4939-Project */,
				6DEC84C62B1592DC006746F5 /* COP4939-Project Watch App */,
				6DEC84D72B1592DD006746F5 /* COP4939-Project Watch AppTests */,
				6DEC84E12B1592DD006746F5 /* COP4939-Project Watch AppUITests */,
				6DEC84AF2B1592DC006746F5 /* COP4939-ProjectTests */,
				6DEC84B92B1592DC006746F5 /* COP4939-ProjectUITests */,
				6DEC85442B159492006746F5 /* Frameworks */,
				6DEC849D2B1592DB006746F5 /* Products */,
			);
			sourceTree = "<group>";
		};
		6DEC849D2B1592DB006746F5 /* Products */ = {
			isa = PBXGroup;
			children = (
				6DEC849C2B1592DB006746F5 /* COP4939-Project.app */,
				6DEC84AC2B1592DC006746F5 /* COP4939-ProjectTests.xctest */,
				6DEC84B62B1592DC006746F5 /* COP4939-ProjectUITests.xctest */,
				6DEC84C22B1592DC006746F5 /* COP4939-Project Watch App.app */,
				6DEC84D42B1592DD006746F5 /* COP4939-Project Watch AppTests.xctest */,
				6DEC84DE2B1592DD006746F5 /* COP4939-Project Watch AppUITests.xctest */,
			);
			name = Products;
			sourceTree = "<group>";
		};
		6DEC849E2B1592DB006746F5 /* COP4939-Project */ = {
			isa = PBXGroup;
			children = (
				6DEC859E2B1E3058006746F5 /* Tools */,
				6DEC854B2B159566006746F5 /* CustomError */,
				6DEC854E2B159566006746F5 /* Model */,
				6DEC85612B159566006746F5 /* View */,
				6DEC85652B159566006746F5 /* ViewModel */,
				6DEC849F2B1592DB006746F5 /* COP4939_ProjectApp.swift */,
				6DEC84A32B1592DC006746F5 /* Assets.xcassets */,
				6DEC84A52B1592DC006746F5 /* Preview Content */,
			);
			path = "COP4939-Project";
			sourceTree = "<group>";
		};
		6DEC84A52B1592DC006746F5 /* Preview Content */ = {
			isa = PBXGroup;
			children = (
				6DEC84A62B1592DC006746F5 /* Preview Assets.xcassets */,
			);
			path = "Preview Content";
			sourceTree = "<group>";
		};
		6DEC84AF2B1592DC006746F5 /* COP4939-ProjectTests */ = {
			isa = PBXGroup;
			children = (
				6DEC84B02B1592DC006746F5 /* COP4939_ProjectTests.swift */,
			);
			path = "COP4939-ProjectTests";
			sourceTree = "<group>";
		};
		6DEC84B92B1592DC006746F5 /* COP4939-ProjectUITests */ = {
			isa = PBXGroup;
			children = (
				6DEC84BA2B1592DC006746F5 /* COP4939_ProjectUITests.swift */,
				6DEC84BC2B1592DC006746F5 /* COP4939_ProjectUITestsLaunchTests.swift */,
			);
			path = "COP4939-ProjectUITests";
			sourceTree = "<group>";
		};
		6DEC84C62B1592DC006746F5 /* COP4939-Project Watch App */ = {
			isa = PBXGroup;
			children = (
				6DEC85992B1E2AD8006746F5 /* Tools */,
				6DEC85072B159353006746F5 /* CustomError */,
				6DEC85142B159353006746F5 /* Model */,
				6DEC85022B159353006746F5 /* View */,
				6DEC850B2B159353006746F5 /* ViewModel */,
				6DEC84C72B1592DC006746F5 /* COP4939_ProjectApp.swift */,
				6DEC84CB2B1592DD006746F5 /* Assets.xcassets */,
				6DEC84CD2B1592DD006746F5 /* Preview Content */,
			);
			path = "COP4939-Project Watch App";
			sourceTree = "<group>";
		};
		6DEC84CD2B1592DD006746F5 /* Preview Content */ = {
			isa = PBXGroup;
			children = (
				6DEC84CE2B1592DD006746F5 /* Preview Assets.xcassets */,
			);
			path = "Preview Content";
			sourceTree = "<group>";
		};
		6DEC84D72B1592DD006746F5 /* COP4939-Project Watch AppTests */ = {
			isa = PBXGroup;
			children = (
				6DEC84D82B1592DD006746F5 /* COP4939_Project_Watch_AppTests.swift */,
			);
			path = "COP4939-Project Watch AppTests";
			sourceTree = "<group>";
		};
		6DEC84E12B1592DD006746F5 /* COP4939-Project Watch AppUITests */ = {
			isa = PBXGroup;
			children = (
				6DEC84E22B1592DD006746F5 /* COP4939_Project_Watch_AppUITests.swift */,
				6DEC84E42B1592DD006746F5 /* COP4939_Project_Watch_AppUITestsLaunchTests.swift */,
			);
			path = "COP4939-Project Watch AppUITests";
			sourceTree = "<group>";
		};
		6DEC85022B159353006746F5 /* View */ = {
			isa = PBXGroup;
			children = (
				6DEC85032B159353006746F5 /* StatisticsView.swift */,
				6DEC85042B159353006746F5 /* ContentView.swift */,
				6D52DF8B2B337C0000E96713 /* SessionRecordingView.swift */,
			);
			path = View;
			sourceTree = "<group>";
		};
		6DEC85072B159353006746F5 /* CustomError */ = {
			isa = PBXGroup;
			children = (
				6DEC85082B159353006746F5 /* WatchConnectivityError.swift */,
				6DE847052B37659F00CF5E03 /* LocationManagerError.swift */,
				6DE847072B3783C300CF5E03 /* MotionManagerError.swift */,
			);
			path = CustomError;
			sourceTree = "<group>";
		};
		6DEC850B2B159353006746F5 /* ViewModel */ = {
			isa = PBXGroup;
			children = (
				6DEC85122B159353006746F5 /* DataCollectorViewModel.swift */,
				6DEC850F2B159353006746F5 /* DeviceMotionSensorViewModel.swift */,
				6DE847012B37646700CF5E03 /* SessionViewModel.swift */,
			);
			path = ViewModel;
			sourceTree = "<group>";
		};
		6DEC85142B159353006746F5 /* Model */ = {
			isa = PBXGroup;
			children = (
				6D185DCA2B4AFE0E008EBFEA /* LocationManager.swift */,
				6DE847032B37652500CF5E03 /* WatchConnectivityManager.swift */,
				6DEC851C2B159353006746F5 /* Data */,
			);
			path = Model;
			sourceTree = "<group>";
		};
		6DEC851C2B159353006746F5 /* Data */ = {
			isa = PBXGroup;
			children = (
				6DEC85862B16D2EC006746F5 /* Session */,
				6DEC851D2B159353006746F5 /* Statistics */,
				6DEC85252B159353006746F5 /* Network */,
			);
			path = Data;
			sourceTree = "<group>";
		};
		6DEC851D2B159353006746F5 /* Statistics */ = {
			isa = PBXGroup;
			children = (
				6D7089022B27C55100FA4F54 /* Units */,
				6D7088E92B27A17200FA4F54 /* WatchData */,
			);
			path = Statistics;
			sourceTree = "<group>";
		};
		6DEC85252B159353006746F5 /* Network */ = {
			isa = PBXGroup;
			children = (
				6DEC85242B159353006746F5 /* DataType.swift */,
				6DEC85262B159353006746F5 /* DataPacket.swift */,
				6D52DF8D2B33BBA400E96713 /* DeliveryInformation.swift */,
			);
			path = Network;
			sourceTree = "<group>";
		};
		6DEC85442B159492006746F5 /* Frameworks */ = {
			isa = PBXGroup;
			children = (
				6D5283002B387927007F71EE /* CoreLocation.framework */,
				6DEC85492B15949E006746F5 /* WatchConnectivity.framework */,
				6DEC857B2B1616B8006746F5 /* WatchConnectivity.framework */,
				6DEC85472B159499006746F5 /* CoreLocation.framework */,
				6DEC85452B159492006746F5 /* CoreMotion.framework */,
			);
			name = Frameworks;
			sourceTree = "<group>";
		};
		6DEC854B2B159566006746F5 /* CustomError */ = {
			isa = PBXGroup;
			children = (
				6DEC854C2B159566006746F5 /* WatchConnectivityError.swift */,
				6DE846F72B3528A100CF5E03 /* CameraError.swift */,
				6DE846F92B3539B100CF5E03 /* LocationManagerError.swift */,
				6D5283022B388A1F007F71EE /* AssetWriterError.swift */,
			);
			path = CustomError;
			sourceTree = "<group>";
		};
		6DEC854E2B159566006746F5 /* Model */ = {
			isa = PBXGroup;
			children = (
				6DEC85522B159566006746F5 /* WatchConnectivityManager.swift */,
				6D185DD12B4B0E9E008EBFEA /* WaterSkiingPassProcessorForVideo.swift */,
				6D6DDA602B277A9E00E33CCE /* WaterSkiingPassProcessorForCoordinates.swift */,
				6D185DC82B4AF612008EBFEA /* WaterSkiingPassProcessorProtocol.swift */,
				6D52DF962B351DD600E96713 /* Camera */,
				6D52DF752B30E78400E96713 /* UI */,
				6DEC85532B159566006746F5 /* Data */,
			);
			path = Model;
			sourceTree = "<group>";
		};
		6DEC85532B159566006746F5 /* Data */ = {
			isa = PBXGroup;
			children = (
				6D185DCD2B4AFFAD008EBFEA /* TrackingRecord.swift */,
				6D185DCF2B4AFFFB008EBFEA /* LocationRecord.swift */,
				6D185DBB2B4AEEED008EBFEA /* Coordinate.swift */,
				6D4C4FFB2B28C42200B5874F /* DataStructures */,
				6D6DDA682B279C9100E33CCE /* WaterSkiing */,
				6D7088E62B279E4E00FA4F54 /* WatchData */,
				6D7088FB2B27AF2800FA4F54 /* Units */,
				6DEC855B2B159566006746F5 /* Network */,
				6DEC855F2B159566006746F5 /* Session */,
			);
			path = Data;
			sourceTree = "<group>";
		};
		6DEC855B2B159566006746F5 /* Network */ = {
			isa = PBXGroup;
			children = (
				6DEC855C2B159566006746F5 /* DataType.swift */,
				6DEC855D2B159566006746F5 /* DataPacket.swift */,
			);
			path = Network;
			sourceTree = "<group>";
		};
		6DEC855F2B159566006746F5 /* Session */ = {
			isa = PBXGroup;
			children = (
				6DEC85602B159566006746F5 /* WatchTrackingSession.swift */,
			);
			path = Session;
			sourceTree = "<group>";
		};
		6DEC85612B159566006746F5 /* View */ = {
			isa = PBXGroup;
			children = (
				6D5283142B3923D6007F71EE /* MainView */,
				6D5283132B3923C6007F71EE /* CourseSetupView */,
				6D5283122B3923B6007F71EE /* RecordingView */,
				6D5283112B3923A7007F71EE /* ResultView */,
				6DEC85632B159566006746F5 /* ContentView.swift */,
				6DE846FB2B35E59E00CF5E03 /* ActivityIndicatorView.swift */,
				6D185DAD2B4865CC008EBFEA /* VideoPlaybackTestView.swift */,
			);
			path = View;
			sourceTree = "<group>";
		};
		6DEC85652B159566006746F5 /* ViewModel */ = {
			isa = PBXGroup;
			children = (
				6D5283082B38A5AF007F71EE /* WaterSkiingPassVideoViewModel.swift */,
				6D52DF972B351EDA00E96713 /* CameraViewModel.swift */,
				6DE846FF2B37507500CF5E03 /* SessionViewModel.swift */,
				6D5283272B3B8F9B007F71EE /* WaterSkiingPassViewModel.swift */,
				6D185DD72B4B1D43008EBFEA /* WaterSkiingCourseViewModel.swift */,
				6D185DD92B4B2163008EBFEA /* LocationSensorViewModel.swift */,
				6D185DE02B4B3265008EBFEA /* VideoViewModel.swift */,
			);
			path = ViewModel;
			sourceTree = "<group>";
		};
		6DEC857D2B1661B0006746F5 /* Logger */ = {
			isa = PBXGroup;
			children = (
				6DEC857E2B1661BC006746F5 /* LoggerService.swift */,
			);
			path = Logger;
			sourceTree = "<group>";
		};
		6DEC85832B167107006746F5 /* Logger */ = {
			isa = PBXGroup;
			children = (
				6DEC85842B167114006746F5 /* LoggerService.swift */,
			);
			path = Logger;
			sourceTree = "<group>";
		};
		6DEC85862B16D2EC006746F5 /* Session */ = {
			isa = PBXGroup;
			children = (
				6DEC85872B16D2F8006746F5 /* WatchTrackingSession.swift */,
			);
			path = Session;
			sourceTree = "<group>";
		};
		6DEC85962B1E28EC006746F5 /* Converter */ = {
			isa = PBXGroup;
			children = (
				6DEC85972B1E2952006746F5 /* JSONConverter.swift */,
			);
			path = Converter;
			sourceTree = "<group>";
		};
		6DEC85992B1E2AD8006746F5 /* Tools */ = {
			isa = PBXGroup;
			children = (
				6DEC85832B167107006746F5 /* Logger */,
				6DEC85962B1E28EC006746F5 /* Converter */,
			);
			path = Tools;
			sourceTree = "<group>";
		};
		6DEC859E2B1E3058006746F5 /* Tools */ = {
			isa = PBXGroup;
			children = (
				6DEC859F2B1E3065006746F5 /* Converter */,
				6DEC857D2B1661B0006746F5 /* Logger */,
			);
			path = Tools;
			sourceTree = "<group>";
		};
		6DEC859F2B1E3065006746F5 /* Converter */ = {
			isa = PBXGroup;
			children = (
				6DEC85A02B1E3071006746F5 /* JSONConverter.swift */,
			);
			path = Converter;
			sourceTree = "<group>";
		};
/* End PBXGroup section */

/* Begin PBXNativeTarget section */
		6DEC849B2B1592DB006746F5 /* COP4939-Project */ = {
			isa = PBXNativeTarget;
			buildConfigurationList = 6DEC84EC2B1592DD006746F5 /* Build configuration list for PBXNativeTarget "COP4939-Project" */;
			buildPhases = (
				6DEC84982B1592DB006746F5 /* Sources */,
				6DEC84992B1592DB006746F5 /* Frameworks */,
				6DEC849A2B1592DB006746F5 /* Resources */,
				6DEC84EB2B1592DD006746F5 /* Embed Watch Content */,
			);
			buildRules = (
			);
			dependencies = (
				6DEC84C52B1592DC006746F5 /* PBXTargetDependency */,
			);
			name = "COP4939-Project";
			productName = "COP4939-Project";
			productReference = 6DEC849C2B1592DB006746F5 /* COP4939-Project.app */;
			productType = "com.apple.product-type.application";
		};
		6DEC84AB2B1592DC006746F5 /* COP4939-ProjectTests */ = {
			isa = PBXNativeTarget;
			buildConfigurationList = 6DEC84EF2B1592DD006746F5 /* Build configuration list for PBXNativeTarget "COP4939-ProjectTests" */;
			buildPhases = (
				6DEC84A82B1592DC006746F5 /* Sources */,
				6DEC84A92B1592DC006746F5 /* Frameworks */,
				6DEC84AA2B1592DC006746F5 /* Resources */,
			);
			buildRules = (
			);
			dependencies = (
				6DEC84AE2B1592DC006746F5 /* PBXTargetDependency */,
			);
			name = "COP4939-ProjectTests";
			productName = "COP4939-ProjectTests";
			productReference = 6DEC84AC2B1592DC006746F5 /* COP4939-ProjectTests.xctest */;
			productType = "com.apple.product-type.bundle.unit-test";
		};
		6DEC84B52B1592DC006746F5 /* COP4939-ProjectUITests */ = {
			isa = PBXNativeTarget;
			buildConfigurationList = 6DEC84F22B1592DD006746F5 /* Build configuration list for PBXNativeTarget "COP4939-ProjectUITests" */;
			buildPhases = (
				6DEC84B22B1592DC006746F5 /* Sources */,
				6DEC84B32B1592DC006746F5 /* Frameworks */,
				6DEC84B42B1592DC006746F5 /* Resources */,
			);
			buildRules = (
			);
			dependencies = (
				6DEC84B82B1592DC006746F5 /* PBXTargetDependency */,
			);
			name = "COP4939-ProjectUITests";
			productName = "COP4939-ProjectUITests";
			productReference = 6DEC84B62B1592DC006746F5 /* COP4939-ProjectUITests.xctest */;
			productType = "com.apple.product-type.bundle.ui-testing";
		};
		6DEC84C12B1592DC006746F5 /* COP4939-Project Watch App */ = {
			isa = PBXNativeTarget;
			buildConfigurationList = 6DEC84E82B1592DD006746F5 /* Build configuration list for PBXNativeTarget "COP4939-Project Watch App" */;
			buildPhases = (
				6DEC84BE2B1592DC006746F5 /* Sources */,
				6DEC84BF2B1592DC006746F5 /* Frameworks */,
				6DEC84C02B1592DC006746F5 /* Resources */,
			);
			buildRules = (
			);
			dependencies = (
			);
			name = "COP4939-Project Watch App";
			productName = "COP4939-Project Watch App";
			productReference = 6DEC84C22B1592DC006746F5 /* COP4939-Project Watch App.app */;
			productType = "com.apple.product-type.application";
		};
		6DEC84D32B1592DD006746F5 /* COP4939-Project Watch AppTests */ = {
			isa = PBXNativeTarget;
			buildConfigurationList = 6DEC84F52B1592DD006746F5 /* Build configuration list for PBXNativeTarget "COP4939-Project Watch AppTests" */;
			buildPhases = (
				6DEC84D02B1592DD006746F5 /* Sources */,
				6DEC84D12B1592DD006746F5 /* Frameworks */,
				6DEC84D22B1592DD006746F5 /* Resources */,
			);
			buildRules = (
			);
			dependencies = (
				6DEC84D62B1592DD006746F5 /* PBXTargetDependency */,
			);
			name = "COP4939-Project Watch AppTests";
			productName = "COP4939-Project Watch AppTests";
			productReference = 6DEC84D42B1592DD006746F5 /* COP4939-Project Watch AppTests.xctest */;
			productType = "com.apple.product-type.bundle.unit-test";
		};
		6DEC84DD2B1592DD006746F5 /* COP4939-Project Watch AppUITests */ = {
			isa = PBXNativeTarget;
			buildConfigurationList = 6DEC84F82B1592DD006746F5 /* Build configuration list for PBXNativeTarget "COP4939-Project Watch AppUITests" */;
			buildPhases = (
				6DEC84DA2B1592DD006746F5 /* Sources */,
				6DEC84DB2B1592DD006746F5 /* Frameworks */,
				6DEC84DC2B1592DD006746F5 /* Resources */,
			);
			buildRules = (
			);
			dependencies = (
				6DEC84E02B1592DD006746F5 /* PBXTargetDependency */,
			);
			name = "COP4939-Project Watch AppUITests";
			productName = "COP4939-Project Watch AppUITests";
			productReference = 6DEC84DE2B1592DD006746F5 /* COP4939-Project Watch AppUITests.xctest */;
			productType = "com.apple.product-type.bundle.ui-testing";
		};
/* End PBXNativeTarget section */

/* Begin PBXProject section */
		6DEC84942B1592DB006746F5 /* Project object */ = {
			isa = PBXProject;
			attributes = {
				BuildIndependentTargetsInParallel = 1;
				CLASSPREFIX = "com.plekunov.COP4939-Project.";
				LastSwiftUpdateCheck = 1500;
				LastUpgradeCheck = 1510;
				TargetAttributes = {
					6DEC849B2B1592DB006746F5 = {
						CreatedOnToolsVersion = 15.0.1;
					};
					6DEC84AB2B1592DC006746F5 = {
						CreatedOnToolsVersion = 15.0.1;
						TestTargetID = 6DEC849B2B1592DB006746F5;
					};
					6DEC84B52B1592DC006746F5 = {
						CreatedOnToolsVersion = 15.0.1;
						TestTargetID = 6DEC849B2B1592DB006746F5;
					};
					6DEC84C12B1592DC006746F5 = {
						CreatedOnToolsVersion = 15.0.1;
					};
					6DEC84D32B1592DD006746F5 = {
						CreatedOnToolsVersion = 15.0.1;
						TestTargetID = 6DEC84C12B1592DC006746F5;
					};
					6DEC84DD2B1592DD006746F5 = {
						CreatedOnToolsVersion = 15.0.1;
						TestTargetID = 6DEC84C12B1592DC006746F5;
					};
				};
			};
			buildConfigurationList = 6DEC84972B1592DB006746F5 /* Build configuration list for PBXProject "COP4939-Project" */;
			compatibilityVersion = "Xcode 14.0";
			developmentRegion = en;
			hasScannedForEncodings = 0;
			knownRegions = (
				en,
				Base,
			);
			mainGroup = 6DEC84932B1592DB006746F5;
			productRefGroup = 6DEC849D2B1592DB006746F5 /* Products */;
			projectDirPath = "";
			projectRoot = "";
			targets = (
				6DEC849B2B1592DB006746F5 /* COP4939-Project */,
				6DEC84AB2B1592DC006746F5 /* COP4939-ProjectTests */,
				6DEC84B52B1592DC006746F5 /* COP4939-ProjectUITests */,
				6DEC84C12B1592DC006746F5 /* COP4939-Project Watch App */,
				6DEC84D32B1592DD006746F5 /* COP4939-Project Watch AppTests */,
				6DEC84DD2B1592DD006746F5 /* COP4939-Project Watch AppUITests */,
			);
		};
/* End PBXProject section */

/* Begin PBXResourcesBuildPhase section */
		6DEC849A2B1592DB006746F5 /* Resources */ = {
			isa = PBXResourcesBuildPhase;
			buildActionMask = 2147483647;
			files = (
				6DEC84A72B1592DC006746F5 /* Preview Assets.xcassets in Resources */,
				6DEC84A42B1592DC006746F5 /* Assets.xcassets in Resources */,
			);
			runOnlyForDeploymentPostprocessing = 0;
		};
		6DEC84AA2B1592DC006746F5 /* Resources */ = {
			isa = PBXResourcesBuildPhase;
			buildActionMask = 2147483647;
			files = (
			);
			runOnlyForDeploymentPostprocessing = 0;
		};
		6DEC84B42B1592DC006746F5 /* Resources */ = {
			isa = PBXResourcesBuildPhase;
			buildActionMask = 2147483647;
			files = (
			);
			runOnlyForDeploymentPostprocessing = 0;
		};
		6DEC84C02B1592DC006746F5 /* Resources */ = {
			isa = PBXResourcesBuildPhase;
			buildActionMask = 2147483647;
			files = (
				6DEC84CF2B1592DD006746F5 /* Preview Assets.xcassets in Resources */,
				6DEC84CC2B1592DD006746F5 /* Assets.xcassets in Resources */,
			);
			runOnlyForDeploymentPostprocessing = 0;
		};
		6DEC84D22B1592DD006746F5 /* Resources */ = {
			isa = PBXResourcesBuildPhase;
			buildActionMask = 2147483647;
			files = (
			);
			runOnlyForDeploymentPostprocessing = 0;
		};
		6DEC84DC2B1592DD006746F5 /* Resources */ = {
			isa = PBXResourcesBuildPhase;
			buildActionMask = 2147483647;
			files = (
			);
			runOnlyForDeploymentPostprocessing = 0;
		};
/* End PBXResourcesBuildPhase section */

/* Begin PBXSourcesBuildPhase section */
		6DEC84982B1592DB006746F5 /* Sources */ = {
			isa = PBXSourcesBuildPhase;
			buildActionMask = 2147483647;
			files = (
				6D185DD22B4B0E9E008EBFEA /* WaterSkiingPassProcessorForVideo.swift in Sources */,
				6D185DDA2B4B2163008EBFEA /* LocationSensorViewModel.swift in Sources */,
				6D185DDF2B4B30F0008EBFEA /* WaterSkiingCourseSetupFromVideoView.swift in Sources */,
				6D4C4FFA2B28C3AF00B5874F /* Heap.swift in Sources */,
				6D5283032B388A1F007F71EE /* AssetWriterError.swift in Sources */,
				6DEC85722B159566006746F5 /* DataType.swift in Sources */,
				6D52DF922B3512F600E96713 /* CameraManager.swift in Sources */,
				6D5283282B3B8F9B007F71EE /* WaterSkiingPassViewModel.swift in Sources */,
				6D185DBC2B4AEEED008EBFEA /* Coordinate.swift in Sources */,
				6D5283202B3B2B39007F71EE /* WaterSkiingObjectType.swift in Sources */,
				6DEC84A02B1592DB006746F5 /* COP4939_ProjectApp.swift in Sources */,
				6D185DB82B4AED23008EBFEA /* WaterSkiingCourseBase.swift in Sources */,
				6D52DF842B33543500E96713 /* MainView.swift in Sources */,
				6D185DAE2B4865CC008EBFEA /* VideoPlaybackTestView.swift in Sources */,
				6DE846FE2B35EAEA00CF5E03 /* AlertInfo.swift in Sources */,
				6DE847002B37507500CF5E03 /* SessionViewModel.swift in Sources */,
				6D52DF792B30E7D200E96713 /* LabelSideUI.swift in Sources */,
				6DE846FC2B35E59E00CF5E03 /* ActivityIndicatorView.swift in Sources */,
				6D5283222B3B2B6A007F71EE /* WaterSkiingObjectRecord.swift in Sources */,
				6D185DB02B4875EA008EBFEA /* PassSessionResultView.swift in Sources */,
				6D185DDC2B4B2ED2008EBFEA /* MainViewWithoutLocation.swift in Sources */,
				6D6DDA612B277A9E00E33CCE /* WaterSkiingPassProcessorForCoordinates.swift in Sources */,
				6D52DF732B30D81200E96713 /* WaterSkiingCoursePointSetupView.swift in Sources */,
				6DE846FA2B3539B100CF5E03 /* LocationManagerError.swift in Sources */,
				6DEC85672B159566006746F5 /* WatchConnectivityError.swift in Sources */,
				6D52830B2B390D91007F71EE /* GatePopup.swift in Sources */,
				6D185DC92B4AF612008EBFEA /* WaterSkiingPassProcessorProtocol.swift in Sources */,
				6DEC85702B159566006746F5 /* Attitude.swift in Sources */,
				6DEC856B2B159566006746F5 /* WatchConnectivityManager.swift in Sources */,
				6D52DF822B3352DC00E96713 /* SessionRecordingView.swift in Sources */,
				6D52DF982B351EDA00E96713 /* CameraViewModel.swift in Sources */,
				6D185DBF2B4AEF5B008EBFEA /* BuoyBase.swift in Sources */,
				6D185DD42B4B10A2008EBFEA /* WaterSkiingCourseFromVideo.swift in Sources */,
				6D185DD82B4B1D43008EBFEA /* WaterSkiingCourseViewModel.swift in Sources */,
				6DEC85A12B1E3071006746F5 /* JSONConverter.swift in Sources */,
				6D5283242B3B4286007F71EE /* Video.swift in Sources */,
				6D185DC52B4AF0EA008EBFEA /* GateBase.swift in Sources */,
				6D52DF952B351D6C00E96713 /* FrameManager.swift in Sources */,
				6D185DB22B49A0B1008EBFEA /* CameraPreviewView.swift in Sources */,
				6D52DF6D2B2CAD5B00E96713 /* WaterSkiingCourseSetupView.swift in Sources */,
				6DE846F82B3528A100CF5E03 /* CameraError.swift in Sources */,
				6D52830D2B391AE5007F71EE /* WakeCrossPopup.swift in Sources */,
				6D185DCE2B4AFFAD008EBFEA /* TrackingRecord.swift in Sources */,
				6D185DE12B4B3265008EBFEA /* VideoViewModel.swift in Sources */,
				6D52DF772B30E79700E96713 /* CoursePointUI.swift in Sources */,
				6DEC85752B159566006746F5 /* WatchTrackingSession.swift in Sources */,
				6D7088ED2B27A74E00FA4F54 /* Pass.swift in Sources */,
				6D5283092B38A5AF007F71EE /* WaterSkiingPassVideoViewModel.swift in Sources */,
				6D5283052B389852007F71EE /* PassStatisticsView.swift in Sources */,
				6D52831A2B39FFDA007F71EE /* VideoManager.swift in Sources */,
				6DEC857F2B1661BC006746F5 /* LoggerService.swift in Sources */,
				6DEC85772B159566006746F5 /* ContentView.swift in Sources */,
				6D52830F2B391D46007F71EE /* BuoyPopup.swift in Sources */,
				6D185DD02B4AFFFB008EBFEA /* LocationRecord.swift in Sources */,
				6DEC85732B159566006746F5 /* DataPacket.swift in Sources */,
				6D185DC32B4AF020008EBFEA /* WakeCrossBase.swift in Sources */,
				6DEC856D2B159566006746F5 /* WatchTrackingRecord.swift in Sources */,
				6D7089012B27C0A800FA4F54 /* Unit3D.swift in Sources */,
				6DEC856F2B159566006746F5 /* MotionRecord.swift in Sources */,
			);
			runOnlyForDeploymentPostprocessing = 0;
		};
		6DEC84A82B1592DC006746F5 /* Sources */ = {
			isa = PBXSourcesBuildPhase;
			buildActionMask = 2147483647;
			files = (
				6DEC84B12B1592DC006746F5 /* COP4939_ProjectTests.swift in Sources */,
			);
			runOnlyForDeploymentPostprocessing = 0;
		};
		6DEC84B22B1592DC006746F5 /* Sources */ = {
			isa = PBXSourcesBuildPhase;
			buildActionMask = 2147483647;
			files = (
				6DEC84BD2B1592DC006746F5 /* COP4939_ProjectUITestsLaunchTests.swift in Sources */,
				6DEC84BB2B1592DC006746F5 /* COP4939_ProjectUITests.swift in Sources */,
			);
			runOnlyForDeploymentPostprocessing = 0;
		};
		6DEC84BE2B1592DC006746F5 /* Sources */ = {
			isa = PBXSourcesBuildPhase;
			buildActionMask = 2147483647;
			files = (
				6DE847082B3783C300CF5E03 /* MotionManagerError.swift in Sources */,
				6DEC85882B16D2F8006746F5 /* WatchTrackingSession.swift in Sources */,
				6DE847022B37646700CF5E03 /* SessionViewModel.swift in Sources */,
				6D52DF8C2B337C0000E96713 /* SessionRecordingView.swift in Sources */,
				6DEC853E2B159353006746F5 /* Attitude.swift in Sources */,
				6DEC85412B159353006746F5 /* DataPacket.swift in Sources */,
				6DEC853B2B159353006746F5 /* WatchTrackingRecord.swift in Sources */,
				6DE847062B37659F00CF5E03 /* LocationManagerError.swift in Sources */,
				6DEC85292B159353006746F5 /* StatisticsView.swift in Sources */,
				6DEC852A2B159353006746F5 /* ContentView.swift in Sources */,
				6DEC853F2B159353006746F5 /* Unit3D.swift in Sources */,
				6DEC85402B159353006746F5 /* DataType.swift in Sources */,
				6DEC85982B1E2952006746F5 /* JSONConverter.swift in Sources */,
				6DEC84C82B1592DC006746F5 /* COP4939_ProjectApp.swift in Sources */,
				6D185DCB2B4AFE0E008EBFEA /* LocationManager.swift in Sources */,
				6DEC85322B159353006746F5 /* DataCollectorViewModel.swift in Sources */,
				6DEC85852B167114006746F5 /* LoggerService.swift in Sources */,
				6DEC85302B159353006746F5 /* DeviceMotionSensorViewModel.swift in Sources */,
				6DEC852C2B159353006746F5 /* WatchConnectivityError.swift in Sources */,
				6D52DF8E2B33BBA400E96713 /* DeliveryInformation.swift in Sources */,
				6DEC853D2B159353006746F5 /* MotionRecord.swift in Sources */,
				6DE847042B37652500CF5E03 /* WatchConnectivityManager.swift in Sources */,
			);
			runOnlyForDeploymentPostprocessing = 0;
		};
		6DEC84D02B1592DD006746F5 /* Sources */ = {
			isa = PBXSourcesBuildPhase;
			buildActionMask = 2147483647;
			files = (
				6DEC84D92B1592DD006746F5 /* COP4939_Project_Watch_AppTests.swift in Sources */,
			);
			runOnlyForDeploymentPostprocessing = 0;
		};
		6DEC84DA2B1592DD006746F5 /* Sources */ = {
			isa = PBXSourcesBuildPhase;
			buildActionMask = 2147483647;
			files = (
				6DEC84E52B1592DD006746F5 /* COP4939_Project_Watch_AppUITestsLaunchTests.swift in Sources */,
				6DEC84E32B1592DD006746F5 /* COP4939_Project_Watch_AppUITests.swift in Sources */,
			);
			runOnlyForDeploymentPostprocessing = 0;
		};
/* End PBXSourcesBuildPhase section */

/* Begin PBXTargetDependency section */
		6DEC84AE2B1592DC006746F5 /* PBXTargetDependency */ = {
			isa = PBXTargetDependency;
			target = 6DEC849B2B1592DB006746F5 /* COP4939-Project */;
			targetProxy = 6DEC84AD2B1592DC006746F5 /* PBXContainerItemProxy */;
		};
		6DEC84B82B1592DC006746F5 /* PBXTargetDependency */ = {
			isa = PBXTargetDependency;
			target = 6DEC849B2B1592DB006746F5 /* COP4939-Project */;
			targetProxy = 6DEC84B72B1592DC006746F5 /* PBXContainerItemProxy */;
		};
		6DEC84C52B1592DC006746F5 /* PBXTargetDependency */ = {
			isa = PBXTargetDependency;
			target = 6DEC84C12B1592DC006746F5 /* COP4939-Project Watch App */;
			targetProxy = 6DEC84C42B1592DC006746F5 /* PBXContainerItemProxy */;
		};
		6DEC84D62B1592DD006746F5 /* PBXTargetDependency */ = {
			isa = PBXTargetDependency;
			target = 6DEC84C12B1592DC006746F5 /* COP4939-Project Watch App */;
			targetProxy = 6DEC84D52B1592DD006746F5 /* PBXContainerItemProxy */;
		};
		6DEC84E02B1592DD006746F5 /* PBXTargetDependency */ = {
			isa = PBXTargetDependency;
			target = 6DEC84C12B1592DC006746F5 /* COP4939-Project Watch App */;
			targetProxy = 6DEC84DF2B1592DD006746F5 /* PBXContainerItemProxy */;
		};
/* End PBXTargetDependency section */

/* Begin XCBuildConfiguration section */
		6DEC84E62B1592DD006746F5 /* Debug */ = {
			isa = XCBuildConfiguration;
			buildSettings = {
				ALWAYS_SEARCH_USER_PATHS = NO;
				ASSETCATALOG_COMPILER_GENERATE_SWIFT_ASSET_SYMBOL_EXTENSIONS = YES;
				CLANG_ANALYZER_NONNULL = YES;
				CLANG_ANALYZER_NUMBER_OBJECT_CONVERSION = YES_AGGRESSIVE;
				CLANG_CXX_LANGUAGE_STANDARD = "gnu++20";
				CLANG_ENABLE_MODULES = YES;
				CLANG_ENABLE_OBJC_ARC = YES;
				CLANG_ENABLE_OBJC_WEAK = YES;
				CLANG_WARN_BLOCK_CAPTURE_AUTORELEASING = YES;
				CLANG_WARN_BOOL_CONVERSION = YES;
				CLANG_WARN_COMMA = YES;
				CLANG_WARN_CONSTANT_CONVERSION = YES;
				CLANG_WARN_DEPRECATED_OBJC_IMPLEMENTATIONS = YES;
				CLANG_WARN_DIRECT_OBJC_ISA_USAGE = YES_ERROR;
				CLANG_WARN_DOCUMENTATION_COMMENTS = YES;
				CLANG_WARN_EMPTY_BODY = YES;
				CLANG_WARN_ENUM_CONVERSION = YES;
				CLANG_WARN_INFINITE_RECURSION = YES;
				CLANG_WARN_INT_CONVERSION = YES;
				CLANG_WARN_NON_LITERAL_NULL_CONVERSION = YES;
				CLANG_WARN_OBJC_IMPLICIT_RETAIN_SELF = YES;
				CLANG_WARN_OBJC_LITERAL_CONVERSION = YES;
				CLANG_WARN_OBJC_ROOT_CLASS = YES_ERROR;
				CLANG_WARN_QUOTED_INCLUDE_IN_FRAMEWORK_HEADER = YES;
				CLANG_WARN_RANGE_LOOP_ANALYSIS = YES;
				CLANG_WARN_STRICT_PROTOTYPES = YES;
				CLANG_WARN_SUSPICIOUS_MOVE = YES;
				CLANG_WARN_UNGUARDED_AVAILABILITY = YES_AGGRESSIVE;
				CLANG_WARN_UNREACHABLE_CODE = YES;
				CLANG_WARN__DUPLICATE_METHOD_MATCH = YES;
				COPY_PHASE_STRIP = NO;
				DEAD_CODE_STRIPPING = YES;
				DEBUG_INFORMATION_FORMAT = dwarf;
				ENABLE_STRICT_OBJC_MSGSEND = YES;
				ENABLE_TESTABILITY = YES;
				ENABLE_USER_SCRIPT_SANDBOXING = YES;
				GCC_C_LANGUAGE_STANDARD = gnu17;
				GCC_DYNAMIC_NO_PIC = NO;
				GCC_NO_COMMON_BLOCKS = YES;
				GCC_OPTIMIZATION_LEVEL = 0;
				GCC_PREPROCESSOR_DEFINITIONS = (
					"DEBUG=1",
					"$(inherited)",
				);
				GCC_WARN_64_TO_32_BIT_CONVERSION = YES;
				GCC_WARN_ABOUT_RETURN_TYPE = YES_ERROR;
				GCC_WARN_UNDECLARED_SELECTOR = YES;
				GCC_WARN_UNINITIALIZED_AUTOS = YES_AGGRESSIVE;
				GCC_WARN_UNUSED_FUNCTION = YES;
				GCC_WARN_UNUSED_VARIABLE = YES;
				LOCALIZATION_PREFERS_STRING_CATALOGS = YES;
				MTL_ENABLE_DEBUG_INFO = INCLUDE_SOURCE;
				MTL_FAST_MATH = YES;
				ONLY_ACTIVE_ARCH = YES;
				SWIFT_ACTIVE_COMPILATION_CONDITIONS = "DEBUG $(inherited)";
				SWIFT_OPTIMIZATION_LEVEL = "-Onone";
			};
			name = Debug;
		};
		6DEC84E72B1592DD006746F5 /* Release */ = {
			isa = XCBuildConfiguration;
			buildSettings = {
				ALWAYS_SEARCH_USER_PATHS = NO;
				ASSETCATALOG_COMPILER_GENERATE_SWIFT_ASSET_SYMBOL_EXTENSIONS = YES;
				CLANG_ANALYZER_NONNULL = YES;
				CLANG_ANALYZER_NUMBER_OBJECT_CONVERSION = YES_AGGRESSIVE;
				CLANG_CXX_LANGUAGE_STANDARD = "gnu++20";
				CLANG_ENABLE_MODULES = YES;
				CLANG_ENABLE_OBJC_ARC = YES;
				CLANG_ENABLE_OBJC_WEAK = YES;
				CLANG_WARN_BLOCK_CAPTURE_AUTORELEASING = YES;
				CLANG_WARN_BOOL_CONVERSION = YES;
				CLANG_WARN_COMMA = YES;
				CLANG_WARN_CONSTANT_CONVERSION = YES;
				CLANG_WARN_DEPRECATED_OBJC_IMPLEMENTATIONS = YES;
				CLANG_WARN_DIRECT_OBJC_ISA_USAGE = YES_ERROR;
				CLANG_WARN_DOCUMENTATION_COMMENTS = YES;
				CLANG_WARN_EMPTY_BODY = YES;
				CLANG_WARN_ENUM_CONVERSION = YES;
				CLANG_WARN_INFINITE_RECURSION = YES;
				CLANG_WARN_INT_CONVERSION = YES;
				CLANG_WARN_NON_LITERAL_NULL_CONVERSION = YES;
				CLANG_WARN_OBJC_IMPLICIT_RETAIN_SELF = YES;
				CLANG_WARN_OBJC_LITERAL_CONVERSION = YES;
				CLANG_WARN_OBJC_ROOT_CLASS = YES_ERROR;
				CLANG_WARN_QUOTED_INCLUDE_IN_FRAMEWORK_HEADER = YES;
				CLANG_WARN_RANGE_LOOP_ANALYSIS = YES;
				CLANG_WARN_STRICT_PROTOTYPES = YES;
				CLANG_WARN_SUSPICIOUS_MOVE = YES;
				CLANG_WARN_UNGUARDED_AVAILABILITY = YES_AGGRESSIVE;
				CLANG_WARN_UNREACHABLE_CODE = YES;
				CLANG_WARN__DUPLICATE_METHOD_MATCH = YES;
				COPY_PHASE_STRIP = NO;
				DEAD_CODE_STRIPPING = YES;
				DEBUG_INFORMATION_FORMAT = "dwarf-with-dsym";
				ENABLE_NS_ASSERTIONS = NO;
				ENABLE_STRICT_OBJC_MSGSEND = YES;
				ENABLE_USER_SCRIPT_SANDBOXING = YES;
				GCC_C_LANGUAGE_STANDARD = gnu17;
				GCC_NO_COMMON_BLOCKS = YES;
				GCC_WARN_64_TO_32_BIT_CONVERSION = YES;
				GCC_WARN_ABOUT_RETURN_TYPE = YES_ERROR;
				GCC_WARN_UNDECLARED_SELECTOR = YES;
				GCC_WARN_UNINITIALIZED_AUTOS = YES_AGGRESSIVE;
				GCC_WARN_UNUSED_FUNCTION = YES;
				GCC_WARN_UNUSED_VARIABLE = YES;
				LOCALIZATION_PREFERS_STRING_CATALOGS = YES;
				MTL_ENABLE_DEBUG_INFO = NO;
				MTL_FAST_MATH = YES;
				SWIFT_COMPILATION_MODE = wholemodule;
			};
			name = Release;
		};
		6DEC84E92B1592DD006746F5 /* Debug */ = {
			isa = XCBuildConfiguration;
			buildSettings = {
				ASSETCATALOG_COMPILER_APPICON_NAME = AppIcon;
				ASSETCATALOG_COMPILER_GLOBAL_ACCENT_COLOR_NAME = AccentColor;
				CODE_SIGN_STYLE = Automatic;
				CURRENT_PROJECT_VERSION = 1;
				DEVELOPMENT_ASSET_PATHS = "\"COP4939-Project Watch App/Preview Content\"";
				DEVELOPMENT_TEAM = Y2BXPJ6W34;
				ENABLE_PREVIEWS = YES;
				GENERATE_INFOPLIST_FILE = YES;
				INFOPLIST_FILE = "COP4939-Project-Watch-App-Info.plist";
				INFOPLIST_KEY_CFBundleDisplayName = "COP4939-Project";
				INFOPLIST_KEY_LSApplicationCategoryType = "";
				INFOPLIST_KEY_NSCameraUsageDescription = "";
				INFOPLIST_KEY_NSLocationAlwaysUsageDescription = "";
				INFOPLIST_KEY_NSLocationWhenInUseUsageDescription = "";
				INFOPLIST_KEY_UISupportedInterfaceOrientations = "UIInterfaceOrientationPortrait UIInterfaceOrientationPortraitUpsideDown";
				INFOPLIST_KEY_WKCompanionAppBundleIdentifier = "com.filgueiras.COP4939-Project";
				LD_RUNPATH_SEARCH_PATHS = (
					"$(inherited)",
					"@executable_path/Frameworks",
				);
				MARKETING_VERSION = 1.0;
				PRODUCT_BUNDLE_IDENTIFIER = "com.filgueiras.COP4939-Project.watchkitapp";
				PRODUCT_NAME = "$(TARGET_NAME)";
				SDKROOT = watchos;
				SKIP_INSTALL = YES;
				SWIFT_EMIT_LOC_STRINGS = YES;
				SWIFT_VERSION = 5.0;
				TARGETED_DEVICE_FAMILY = 4;
				WATCHOS_DEPLOYMENT_TARGET = 10.0;
			};
			name = Debug;
		};
		6DEC84EA2B1592DD006746F5 /* Release */ = {
			isa = XCBuildConfiguration;
			buildSettings = {
				ASSETCATALOG_COMPILER_APPICON_NAME = AppIcon;
				ASSETCATALOG_COMPILER_GLOBAL_ACCENT_COLOR_NAME = AccentColor;
				CODE_SIGN_STYLE = Automatic;
				CURRENT_PROJECT_VERSION = 1;
				DEVELOPMENT_ASSET_PATHS = "\"COP4939-Project Watch App/Preview Content\"";
				DEVELOPMENT_TEAM = Y2BXPJ6W34;
				ENABLE_PREVIEWS = YES;
				GENERATE_INFOPLIST_FILE = YES;
				INFOPLIST_FILE = "COP4939-Project-Watch-App-Info.plist";
				INFOPLIST_KEY_CFBundleDisplayName = "COP4939-Project";
				INFOPLIST_KEY_LSApplicationCategoryType = "";
				INFOPLIST_KEY_NSCameraUsageDescription = "";
				INFOPLIST_KEY_NSLocationAlwaysUsageDescription = "";
				INFOPLIST_KEY_NSLocationWhenInUseUsageDescription = "";
				INFOPLIST_KEY_UISupportedInterfaceOrientations = "UIInterfaceOrientationPortrait UIInterfaceOrientationPortraitUpsideDown";
				INFOPLIST_KEY_WKCompanionAppBundleIdentifier = "com.filgueiras.COP4939-Project";
				LD_RUNPATH_SEARCH_PATHS = (
					"$(inherited)",
					"@executable_path/Frameworks",
				);
				MARKETING_VERSION = 1.0;
				PRODUCT_BUNDLE_IDENTIFIER = "com.filgueiras.COP4939-Project.watchkitapp";
				PRODUCT_NAME = "$(TARGET_NAME)";
				SDKROOT = watchos;
				SKIP_INSTALL = YES;
				SWIFT_EMIT_LOC_STRINGS = YES;
				SWIFT_VERSION = 5.0;
				TARGETED_DEVICE_FAMILY = 4;
				VALIDATE_PRODUCT = YES;
				WATCHOS_DEPLOYMENT_TARGET = 10.0;
			};
			name = Release;
		};
		6DEC84ED2B1592DD006746F5 /* Debug */ = {
			isa = XCBuildConfiguration;
			buildSettings = {
				ALWAYS_EMBED_SWIFT_STANDARD_LIBRARIES = YES;
				ASSETCATALOG_COMPILER_APPICON_NAME = AppIcon;
				ASSETCATALOG_COMPILER_GLOBAL_ACCENT_COLOR_NAME = AccentColor;
				CODE_SIGN_STYLE = Automatic;
				CURRENT_PROJECT_VERSION = 1;
				DEVELOPMENT_ASSET_PATHS = "\"COP4939-Project/Preview Content\"";
				DEVELOPMENT_TEAM = Y2BXPJ6W34;
				ENABLE_PREVIEWS = YES;
				GENERATE_INFOPLIST_FILE = YES;
				INFOPLIST_FILE = "COP4939-Project/Info.plist";
				INFOPLIST_KEY_CFBundleDisplayName = "COP4939-Project";
				INFOPLIST_KEY_LSApplicationCategoryType = UIFileSharingEnabled;
				INFOPLIST_KEY_LSSupportsOpeningDocumentsInPlace = YES;
				INFOPLIST_KEY_NSCameraUsageDescription = "";
				INFOPLIST_KEY_NSFileProviderDomainUsageDescription = "";
				INFOPLIST_KEY_NSLocationAlwaysUsageDescription = "";
				INFOPLIST_KEY_NSLocationUsageDescription = "";
				INFOPLIST_KEY_NSLocationWhenInUseUsageDescription = "";
				INFOPLIST_KEY_NSMicrophoneUsageDescription = "";
				INFOPLIST_KEY_UIApplicationSceneManifest_Generation = YES;
				INFOPLIST_KEY_UIApplicationSupportsIndirectInputEvents = YES;
				INFOPLIST_KEY_UILaunchScreen_Generation = YES;
				INFOPLIST_KEY_UISupportedInterfaceOrientations_iPad = "UIInterfaceOrientationPortrait UIInterfaceOrientationPortraitUpsideDown UIInterfaceOrientationLandscapeLeft UIInterfaceOrientationLandscapeRight";
				INFOPLIST_KEY_UISupportedInterfaceOrientations_iPhone = "UIInterfaceOrientationPortrait UIInterfaceOrientationLandscapeLeft UIInterfaceOrientationLandscapeRight";
				IPHONEOS_DEPLOYMENT_TARGET = 17.0;
				LD_RUNPATH_SEARCH_PATHS = (
					"$(inherited)",
					"@executable_path/Frameworks",
				);
				MARKETING_VERSION = 1.0;
				PRODUCT_BUNDLE_IDENTIFIER = "com.filgueiras.COP4939-Project";
				PRODUCT_NAME = "$(TARGET_NAME)";
				SDKROOT = iphoneos;
				SWIFT_EMIT_LOC_STRINGS = YES;
				SWIFT_VERSION = 5.0;
				TARGETED_DEVICE_FAMILY = "1,2";
			};
			name = Debug;
		};
		6DEC84EE2B1592DD006746F5 /* Release */ = {
			isa = XCBuildConfiguration;
			buildSettings = {
				ALWAYS_EMBED_SWIFT_STANDARD_LIBRARIES = YES;
				ASSETCATALOG_COMPILER_APPICON_NAME = AppIcon;
				ASSETCATALOG_COMPILER_GLOBAL_ACCENT_COLOR_NAME = AccentColor;
				CODE_SIGN_STYLE = Automatic;
				CURRENT_PROJECT_VERSION = 1;
				DEVELOPMENT_ASSET_PATHS = "\"COP4939-Project/Preview Content\"";
				DEVELOPMENT_TEAM = Y2BXPJ6W34;
				ENABLE_PREVIEWS = YES;
				GENERATE_INFOPLIST_FILE = YES;
				INFOPLIST_FILE = "COP4939-Project/Info.plist";
				INFOPLIST_KEY_CFBundleDisplayName = "COP4939-Project";
				INFOPLIST_KEY_LSApplicationCategoryType = UIFileSharingEnabled;
				INFOPLIST_KEY_LSSupportsOpeningDocumentsInPlace = YES;
				INFOPLIST_KEY_NSCameraUsageDescription = "";
				INFOPLIST_KEY_NSFileProviderDomainUsageDescription = "";
				INFOPLIST_KEY_NSLocationAlwaysUsageDescription = "";
				INFOPLIST_KEY_NSLocationUsageDescription = "";
				INFOPLIST_KEY_NSLocationWhenInUseUsageDescription = "";
				INFOPLIST_KEY_NSMicrophoneUsageDescription = "";
				INFOPLIST_KEY_UIApplicationSceneManifest_Generation = YES;
				INFOPLIST_KEY_UIApplicationSupportsIndirectInputEvents = YES;
				INFOPLIST_KEY_UILaunchScreen_Generation = YES;
				INFOPLIST_KEY_UISupportedInterfaceOrientations_iPad = "UIInterfaceOrientationPortrait UIInterfaceOrientationPortraitUpsideDown UIInterfaceOrientationLandscapeLeft UIInterfaceOrientationLandscapeRight";
				INFOPLIST_KEY_UISupportedInterfaceOrientations_iPhone = "UIInterfaceOrientationPortrait UIInterfaceOrientationLandscapeLeft UIInterfaceOrientationLandscapeRight";
				IPHONEOS_DEPLOYMENT_TARGET = 17.0;
				LD_RUNPATH_SEARCH_PATHS = (
					"$(inherited)",
					"@executable_path/Frameworks",
				);
				MARKETING_VERSION = 1.0;
				PRODUCT_BUNDLE_IDENTIFIER = "com.filgueiras.COP4939-Project";
				PRODUCT_NAME = "$(TARGET_NAME)";
				SDKROOT = iphoneos;
				SWIFT_EMIT_LOC_STRINGS = YES;
				SWIFT_VERSION = 5.0;
				TARGETED_DEVICE_FAMILY = "1,2";
				VALIDATE_PRODUCT = YES;
			};
			name = Release;
		};
		6DEC84F02B1592DD006746F5 /* Debug */ = {
			isa = XCBuildConfiguration;
			buildSettings = {
				ALWAYS_EMBED_SWIFT_STANDARD_LIBRARIES = YES;
				BUNDLE_LOADER = "$(TEST_HOST)";
				CODE_SIGN_STYLE = Automatic;
				CURRENT_PROJECT_VERSION = 1;
				DEVELOPMENT_TEAM = Y2BXPJ6W34;
				GENERATE_INFOPLIST_FILE = YES;
				IPHONEOS_DEPLOYMENT_TARGET = 17.0;
				MARKETING_VERSION = 1.0;
				PRODUCT_BUNDLE_IDENTIFIER = "com.filgueiras.COP4939-ProjectTests";
				PRODUCT_NAME = "$(TARGET_NAME)";
				SDKROOT = iphoneos;
				SWIFT_EMIT_LOC_STRINGS = NO;
				SWIFT_VERSION = 5.0;
				TARGETED_DEVICE_FAMILY = "1,2";
				TEST_HOST = "$(BUILT_PRODUCTS_DIR)/COP4939-Project.app/$(BUNDLE_EXECUTABLE_FOLDER_PATH)/COP4939-Project";
			};
			name = Debug;
		};
		6DEC84F12B1592DD006746F5 /* Release */ = {
			isa = XCBuildConfiguration;
			buildSettings = {
				ALWAYS_EMBED_SWIFT_STANDARD_LIBRARIES = YES;
				BUNDLE_LOADER = "$(TEST_HOST)";
				CODE_SIGN_STYLE = Automatic;
				CURRENT_PROJECT_VERSION = 1;
				DEVELOPMENT_TEAM = Y2BXPJ6W34;
				GENERATE_INFOPLIST_FILE = YES;
				IPHONEOS_DEPLOYMENT_TARGET = 17.0;
				MARKETING_VERSION = 1.0;
				PRODUCT_BUNDLE_IDENTIFIER = "com.filgueiras.COP4939-ProjectTests";
				PRODUCT_NAME = "$(TARGET_NAME)";
				SDKROOT = iphoneos;
				SWIFT_EMIT_LOC_STRINGS = NO;
				SWIFT_VERSION = 5.0;
				TARGETED_DEVICE_FAMILY = "1,2";
				TEST_HOST = "$(BUILT_PRODUCTS_DIR)/COP4939-Project.app/$(BUNDLE_EXECUTABLE_FOLDER_PATH)/COP4939-Project";
				VALIDATE_PRODUCT = YES;
			};
			name = Release;
		};
		6DEC84F32B1592DD006746F5 /* Debug */ = {
			isa = XCBuildConfiguration;
			buildSettings = {
				ALWAYS_EMBED_SWIFT_STANDARD_LIBRARIES = YES;
				CODE_SIGN_STYLE = Automatic;
				CURRENT_PROJECT_VERSION = 1;
				DEVELOPMENT_TEAM = Y2BXPJ6W34;
				GENERATE_INFOPLIST_FILE = YES;
				IPHONEOS_DEPLOYMENT_TARGET = 17.0;
				MARKETING_VERSION = 1.0;
				PRODUCT_BUNDLE_IDENTIFIER = "com.filgueiras.COP4939-ProjectUITests";
				PRODUCT_NAME = "$(TARGET_NAME)";
				SDKROOT = iphoneos;
				SWIFT_EMIT_LOC_STRINGS = NO;
				SWIFT_VERSION = 5.0;
				TARGETED_DEVICE_FAMILY = "1,2";
				TEST_TARGET_NAME = "COP4939-Project";
			};
			name = Debug;
		};
		6DEC84F42B1592DD006746F5 /* Release */ = {
			isa = XCBuildConfiguration;
			buildSettings = {
				ALWAYS_EMBED_SWIFT_STANDARD_LIBRARIES = YES;
				CODE_SIGN_STYLE = Automatic;
				CURRENT_PROJECT_VERSION = 1;
				DEVELOPMENT_TEAM = Y2BXPJ6W34;
				GENERATE_INFOPLIST_FILE = YES;
				IPHONEOS_DEPLOYMENT_TARGET = 17.0;
				MARKETING_VERSION = 1.0;
				PRODUCT_BUNDLE_IDENTIFIER = "com.filgueiras.COP4939-ProjectUITests";
				PRODUCT_NAME = "$(TARGET_NAME)";
				SDKROOT = iphoneos;
				SWIFT_EMIT_LOC_STRINGS = NO;
				SWIFT_VERSION = 5.0;
				TARGETED_DEVICE_FAMILY = "1,2";
				TEST_TARGET_NAME = "COP4939-Project";
				VALIDATE_PRODUCT = YES;
			};
			name = Release;
		};
		6DEC84F62B1592DD006746F5 /* Debug */ = {
			isa = XCBuildConfiguration;
			buildSettings = {
				ALWAYS_EMBED_SWIFT_STANDARD_LIBRARIES = YES;
				BUNDLE_LOADER = "$(TEST_HOST)";
				CODE_SIGN_STYLE = Automatic;
				CURRENT_PROJECT_VERSION = 1;
				DEVELOPMENT_TEAM = Y2BXPJ6W34;
				GENERATE_INFOPLIST_FILE = YES;
				MARKETING_VERSION = 1.0;
				PRODUCT_BUNDLE_IDENTIFIER = "com.filgueiras.COP4939-Project-Watch-AppTests";
				PRODUCT_NAME = "$(TARGET_NAME)";
				SDKROOT = watchos;
				SWIFT_EMIT_LOC_STRINGS = NO;
				SWIFT_VERSION = 5.0;
				TARGETED_DEVICE_FAMILY = 4;
				TEST_HOST = "$(BUILT_PRODUCTS_DIR)/COP4939-Project Watch App.app/$(BUNDLE_EXECUTABLE_FOLDER_PATH)/COP4939-Project Watch App";
				WATCHOS_DEPLOYMENT_TARGET = 10.0;
			};
			name = Debug;
		};
		6DEC84F72B1592DD006746F5 /* Release */ = {
			isa = XCBuildConfiguration;
			buildSettings = {
				ALWAYS_EMBED_SWIFT_STANDARD_LIBRARIES = YES;
				BUNDLE_LOADER = "$(TEST_HOST)";
				CODE_SIGN_STYLE = Automatic;
				CURRENT_PROJECT_VERSION = 1;
				DEVELOPMENT_TEAM = Y2BXPJ6W34;
				GENERATE_INFOPLIST_FILE = YES;
				MARKETING_VERSION = 1.0;
				PRODUCT_BUNDLE_IDENTIFIER = "com.filgueiras.COP4939-Project-Watch-AppTests";
				PRODUCT_NAME = "$(TARGET_NAME)";
				SDKROOT = watchos;
				SWIFT_EMIT_LOC_STRINGS = NO;
				SWIFT_VERSION = 5.0;
				TARGETED_DEVICE_FAMILY = 4;
				TEST_HOST = "$(BUILT_PRODUCTS_DIR)/COP4939-Project Watch App.app/$(BUNDLE_EXECUTABLE_FOLDER_PATH)/COP4939-Project Watch App";
				VALIDATE_PRODUCT = YES;
				WATCHOS_DEPLOYMENT_TARGET = 10.0;
			};
			name = Release;
		};
		6DEC84F92B1592DD006746F5 /* Debug */ = {
			isa = XCBuildConfiguration;
			buildSettings = {
				ALWAYS_EMBED_SWIFT_STANDARD_LIBRARIES = YES;
				CODE_SIGN_STYLE = Automatic;
				CURRENT_PROJECT_VERSION = 1;
				DEVELOPMENT_TEAM = Y2BXPJ6W34;
				GENERATE_INFOPLIST_FILE = YES;
				MARKETING_VERSION = 1.0;
				PRODUCT_BUNDLE_IDENTIFIER = "com.filgueirasCOP4939-Project-Watch-AppUITests";
				PRODUCT_NAME = "$(TARGET_NAME)";
				SDKROOT = watchos;
				SWIFT_EMIT_LOC_STRINGS = NO;
				SWIFT_VERSION = 5.0;
				TARGETED_DEVICE_FAMILY = 4;
				TEST_TARGET_NAME = "COP4939-Project Watch App";
				WATCHOS_DEPLOYMENT_TARGET = 10.0;
			};
			name = Debug;
		};
		6DEC84FA2B1592DD006746F5 /* Release */ = {
			isa = XCBuildConfiguration;
			buildSettings = {
				ALWAYS_EMBED_SWIFT_STANDARD_LIBRARIES = YES;
				CODE_SIGN_STYLE = Automatic;
				CURRENT_PROJECT_VERSION = 1;
				DEVELOPMENT_TEAM = Y2BXPJ6W34;
				GENERATE_INFOPLIST_FILE = YES;
				MARKETING_VERSION = 1.0;
				PRODUCT_BUNDLE_IDENTIFIER = "com.filgueiras.COP4939-Project-Watch-AppUITests";
				PRODUCT_NAME = "$(TARGET_NAME)";
				SDKROOT = watchos;
				SWIFT_EMIT_LOC_STRINGS = NO;
				SWIFT_VERSION = 5.0;
				TARGETED_DEVICE_FAMILY = 4;
				TEST_TARGET_NAME = "COP4939-Project Watch App";
				VALIDATE_PRODUCT = YES;
				WATCHOS_DEPLOYMENT_TARGET = 10.0;
			};
			name = Release;
		};
/* End XCBuildConfiguration section */

/* Begin XCConfigurationList section */
		6DEC84972B1592DB006746F5 /* Build configuration list for PBXProject "COP4939-Project" */ = {
			isa = XCConfigurationList;
			buildConfigurations = (
				6DEC84E62B1592DD006746F5 /* Debug */,
				6DEC84E72B1592DD006746F5 /* Release */,
			);
			defaultConfigurationIsVisible = 0;
			defaultConfigurationName = Release;
		};
		6DEC84E82B1592DD006746F5 /* Build configuration list for PBXNativeTarget "COP4939-Project Watch App" */ = {
			isa = XCConfigurationList;
			buildConfigurations = (
				6DEC84E92B1592DD006746F5 /* Debug */,
				6DEC84EA2B1592DD006746F5 /* Release */,
			);
			defaultConfigurationIsVisible = 0;
			defaultConfigurationName = Release;
		};
		6DEC84EC2B1592DD006746F5 /* Build configuration list for PBXNativeTarget "COP4939-Project" */ = {
			isa = XCConfigurationList;
			buildConfigurations = (
				6DEC84ED2B1592DD006746F5 /* Debug */,
				6DEC84EE2B1592DD006746F5 /* Release */,
			);
			defaultConfigurationIsVisible = 0;
			defaultConfigurationName = Release;
		};
		6DEC84EF2B1592DD006746F5 /* Build configuration list for PBXNativeTarget "COP4939-ProjectTests" */ = {
			isa = XCConfigurationList;
			buildConfigurations = (
				6DEC84F02B1592DD006746F5 /* Debug */,
				6DEC84F12B1592DD006746F5 /* Release */,
			);
			defaultConfigurationIsVisible = 0;
			defaultConfigurationName = Release;
		};
		6DEC84F22B1592DD006746F5 /* Build configuration list for PBXNativeTarget "COP4939-ProjectUITests" */ = {
			isa = XCConfigurationList;
			buildConfigurations = (
				6DEC84F32B1592DD006746F5 /* Debug */,
				6DEC84F42B1592DD006746F5 /* Release */,
			);
			defaultConfigurationIsVisible = 0;
			defaultConfigurationName = Release;
		};
		6DEC84F52B1592DD006746F5 /* Build configuration list for PBXNativeTarget "COP4939-Project Watch AppTests" */ = {
			isa = XCConfigurationList;
			buildConfigurations = (
				6DEC84F62B1592DD006746F5 /* Debug */,
				6DEC84F72B1592DD006746F5 /* Release */,
			);
			defaultConfigurationIsVisible = 0;
			defaultConfigurationName = Release;
		};
		6DEC84F82B1592DD006746F5 /* Build configuration list for PBXNativeTarget "COP4939-Project Watch AppUITests" */ = {
			isa = XCConfigurationList;
			buildConfigurations = (
				6DEC84F92B1592DD006746F5 /* Debug */,
				6DEC84FA2B1592DD006746F5 /* Release */,
			);
			defaultConfigurationIsVisible = 0;
			defaultConfigurationName = Release;
		};
/* End XCConfigurationList section */
	};
	rootObject = 6DEC84942B1592DB006746F5 /* Project object */;
}
